// !$*UTF8*$!
{
	archiveVersion = 1;
	classes = {
	};
	objectVersion = 46;
	objects = {

/* Begin PBXBuildFile section */
		4303F18B161208630057A64C /* main.cpp in Sources */ = {isa = PBXBuildFile; fileRef = 4303F188161208630057A64C /* main.cpp */; };
		4303F18C161208630057A64C /* xmlutilstest.cpp in Sources */ = {isa = PBXBuildFile; fileRef = 4303F18A161208630057A64C /* xmlutilstest.cpp */; };
		4303F1FC161216A80057A64C /* upnpcontrolpoint.cpp in Sources */ = {isa = PBXBuildFile; fileRef = 438A7A42150E9B1F0093A521 /* upnpcontrolpoint.cpp */; };
		4303F1FD161216A80057A64C /* upnpdevicescanner.cpp in Sources */ = {isa = PBXBuildFile; fileRef = 438A7A43150E9B1F0093A521 /* upnpdevicescanner.cpp */; };
		4303F1FE161216A80057A64C /* upnphttpget.cpp in Sources */ = {isa = PBXBuildFile; fileRef = 438A7A44150E9B1F0093A521 /* upnphttpget.cpp */; };
		4303F1FF161216A80057A64C /* upnpitem.cpp in Sources */ = {isa = PBXBuildFile; fileRef = 438A7A45150E9B1F0093A521 /* upnpitem.cpp */; };
		4303F200161216A80057A64C /* upnprenderingcontrol.cpp in Sources */ = {isa = PBXBuildFile; fileRef = 4357AEF3154BF7470021F9BE /* upnprenderingcontrol.cpp */; };
		4303F201161216A80057A64C /* upnpaction.cpp in Sources */ = {isa = PBXBuildFile; fileRef = 4357AEF6154BFE900021F9BE /* upnpaction.cpp */; };
		4303F202161216A80057A64C /* upnpprotocolinfo.cpp in Sources */ = {isa = PBXBuildFile; fileRef = 4357AEFA154C58C00021F9BE /* upnpprotocolinfo.cpp */; };
		4303F203161216A80057A64C /* upnpconnectionmanager.cpp in Sources */ = {isa = PBXBuildFile; fileRef = 4357AEFD154C71120021F9BE /* upnpconnectionmanager.cpp */; };
		4303F204161216A80057A64C /* upnpmediarenderer.cpp in Sources */ = {isa = PBXBuildFile; fileRef = 4357AF03154C7C390021F9BE /* upnpmediarenderer.cpp */; };
		4303F205161216A80057A64C /* upnpxmlutils.cpp in Sources */ = {isa = PBXBuildFile; fileRef = 4357AF05154C81890021F9BE /* upnpxmlutils.cpp */; };
		4303F206161216A80057A64C /* upnpcontentdirectory.cpp in Sources */ = {isa = PBXBuildFile; fileRef = 4357AF08154D21840021F9BE /* upnpcontentdirectory.cpp */; };
		4303F207161216A80057A64C /* upnpmediaserver.cpp in Sources */ = {isa = PBXBuildFile; fileRef = 4357AF0B154D30ED0021F9BE /* upnpmediaserver.cpp */; };
		4303F208161216A80057A64C /* upnpclient.cpp in Sources */ = {isa = PBXBuildFile; fileRef = 432C62B4154EEA2900068315 /* upnpclient.cpp */; };
		4303F209161216A80057A64C /* upnpavtransport.cpp in Sources */ = {isa = PBXBuildFile; fileRef = 439EBBCF1551BD90000177C5 /* upnpavtransport.cpp */; };
		4303F20A161216A80057A64C /* upnpwebserver.cpp in Sources */ = {isa = PBXBuildFile; fileRef = 43F157C0155EED0C00B6F8B0 /* upnpwebserver.cpp */; };
		4303F20E161216A80057A64C /* upnpcontrolpoint.h in Headers */ = {isa = PBXBuildFile; fileRef = 438A7A4F150E9B300093A521 /* upnpcontrolpoint.h */; };
		4303F20F161216A80057A64C /* upnpdevice.h in Headers */ = {isa = PBXBuildFile; fileRef = 438A7A50150E9B300093A521 /* upnpdevice.h */; };
		4303F210161216A80057A64C /* upnpdevicescanner.h in Headers */ = {isa = PBXBuildFile; fileRef = 438A7A51150E9B300093A521 /* upnpdevicescanner.h */; };
		4303F211161216A80057A64C /* upnphttpget.h in Headers */ = {isa = PBXBuildFile; fileRef = 438A7A52150E9B300093A521 /* upnphttpget.h */; };
		4303F212161216A80057A64C /* upnpitem.h in Headers */ = {isa = PBXBuildFile; fileRef = 438A7A53150E9B300093A521 /* upnpitem.h */; };
		4303F21A161232220057A64C /* libUPnPFrameworkNative.a in Frameworks */ = {isa = PBXBuildFile; fileRef = 4303F217161216A80057A64C /* libUPnPFrameworkNative.a */; };
		432C62B5154EEA2A00068315 /* upnpclient.cpp in Sources */ = {isa = PBXBuildFile; fileRef = 432C62B4154EEA2900068315 /* upnpclient.cpp */; };
		434203B21633E1AC0058A49A /* controlpointtest.cpp in Sources */ = {isa = PBXBuildFile; fileRef = 434203AD1633E1AC0058A49A /* controlpointtest.cpp */; };
		434203B31633E1AC0058A49A /* mediarenderertest.cpp in Sources */ = {isa = PBXBuildFile; fileRef = 434203AF1633E1AC0058A49A /* mediarenderertest.cpp */; };
		434203B41633E1AC0058A49A /* mediaservertest.cpp in Sources */ = {isa = PBXBuildFile; fileRef = 434203B01633E1AC0058A49A /* mediaservertest.cpp */; };
		435654761613B6BF00868D6B /* libgmock.a in Frameworks */ = {isa = PBXBuildFile; fileRef = 435654741613B6BF00868D6B /* libgmock.a */; };
		435654771613B6BF00868D6B /* libgtest.a in Frameworks */ = {isa = PBXBuildFile; fileRef = 435654751613B6BF00868D6B /* libgtest.a */; };
		4356547A1613B90400868D6B /* libUtils.a in Frameworks */ = {isa = PBXBuildFile; fileRef = 433638471562DECF0018D554 /* libUtils.a */; };
		435654811613BC3500868D6B /* upnprenderingcontroltest.cpp in Sources */ = {isa = PBXBuildFile; fileRef = 4356547D1613B9B200868D6B /* upnprenderingcontroltest.cpp */; };
		4357AEF4154BF7470021F9BE /* upnprenderingcontrol.cpp in Sources */ = {isa = PBXBuildFile; fileRef = 4357AEF3154BF7470021F9BE /* upnprenderingcontrol.cpp */; };
		4357AEF7154BFE900021F9BE /* upnpaction.cpp in Sources */ = {isa = PBXBuildFile; fileRef = 4357AEF6154BFE900021F9BE /* upnpaction.cpp */; };
		4357AEFB154C58C00021F9BE /* upnpprotocolinfo.cpp in Sources */ = {isa = PBXBuildFile; fileRef = 4357AEFA154C58C00021F9BE /* upnpprotocolinfo.cpp */; };
		4357AEFE154C71120021F9BE /* upnpconnectionmanager.cpp in Sources */ = {isa = PBXBuildFile; fileRef = 4357AEFD154C71120021F9BE /* upnpconnectionmanager.cpp */; };
		4357AF04154C7C390021F9BE /* upnpmediarenderer.cpp in Sources */ = {isa = PBXBuildFile; fileRef = 4357AF03154C7C390021F9BE /* upnpmediarenderer.cpp */; };
		4357AF06154C81890021F9BE /* upnpxmlutils.cpp in Sources */ = {isa = PBXBuildFile; fileRef = 4357AF05154C81890021F9BE /* upnpxmlutils.cpp */; };
		4357AF09154D21840021F9BE /* upnpcontentdirectory.cpp in Sources */ = {isa = PBXBuildFile; fileRef = 4357AF08154D21840021F9BE /* upnpcontentdirectory.cpp */; };
		4357AF0C154D30ED0021F9BE /* upnpmediaserver.cpp in Sources */ = {isa = PBXBuildFile; fileRef = 4357AF0B154D30ED0021F9BE /* upnpmediaserver.cpp */; };
		438A7A48150E9B1F0093A521 /* upnpcontrolpoint.cpp in Sources */ = {isa = PBXBuildFile; fileRef = 438A7A42150E9B1F0093A521 /* upnpcontrolpoint.cpp */; };
		438A7A49150E9B1F0093A521 /* upnpdevicescanner.cpp in Sources */ = {isa = PBXBuildFile; fileRef = 438A7A43150E9B1F0093A521 /* upnpdevicescanner.cpp */; };
		438A7A4A150E9B1F0093A521 /* upnphttpget.cpp in Sources */ = {isa = PBXBuildFile; fileRef = 438A7A44150E9B1F0093A521 /* upnphttpget.cpp */; };
		438A7A4B150E9B1F0093A521 /* upnpitem.cpp in Sources */ = {isa = PBXBuildFile; fileRef = 438A7A45150E9B1F0093A521 /* upnpitem.cpp */; };
		438A7A56150E9B300093A521 /* upnpcontrolpoint.h in Headers */ = {isa = PBXBuildFile; fileRef = 438A7A4F150E9B300093A521 /* upnpcontrolpoint.h */; };
		438A7A57150E9B300093A521 /* upnpdevice.h in Headers */ = {isa = PBXBuildFile; fileRef = 438A7A50150E9B300093A521 /* upnpdevice.h */; };
		438A7A58150E9B300093A521 /* upnpdevicescanner.h in Headers */ = {isa = PBXBuildFile; fileRef = 438A7A51150E9B300093A521 /* upnpdevicescanner.h */; };
		438A7A59150E9B300093A521 /* upnphttpget.h in Headers */ = {isa = PBXBuildFile; fileRef = 438A7A52150E9B300093A521 /* upnphttpget.h */; };
		438A7A5A150E9B300093A521 /* upnpitem.h in Headers */ = {isa = PBXBuildFile; fileRef = 438A7A53150E9B300093A521 /* upnpitem.h */; };
		439EBBD01551BD90000177C5 /* upnpavtransport.cpp in Sources */ = {isa = PBXBuildFile; fileRef = 439EBBCF1551BD90000177C5 /* upnpavtransport.cpp */; };
		43ADACBB161F4C4100FE5F44 /* upnpcontentdirectorytest.cpp in Sources */ = {isa = PBXBuildFile; fileRef = 43ADACBA161F4C4100FE5F44 /* upnpcontentdirectorytest.cpp */; };
		43CC5A961617613F001B72D8 /* upnpavtransporttest.cpp in Sources */ = {isa = PBXBuildFile; fileRef = 43CC5A9416176125001B72D8 /* upnpavtransporttest.cpp */; };
		43CC5AB1161A07F4001B72D8 /* upnpservicebase.h in Headers */ = {isa = PBXBuildFile; fileRef = 43CC5AB0161A07F4001B72D8 /* upnpservicebase.h */; };
		43CC5AB2161A07F4001B72D8 /* upnpservicebase.h in Headers */ = {isa = PBXBuildFile; fileRef = 43CC5AB0161A07F4001B72D8 /* upnpservicebase.h */; };
		43CC5ABA161B6576001B72D8 /* upnpservicebasetest.cpp in Sources */ = {isa = PBXBuildFile; fileRef = 43CC5AB9161B6576001B72D8 /* upnpservicebasetest.cpp */; };
		43F157C1155EED0C00B6F8B0 /* upnpwebserver.cpp in Sources */ = {isa = PBXBuildFile; fileRef = 43F157C0155EED0C00B6F8B0 /* upnpwebserver.cpp */; };
/* End PBXBuildFile section */

/* Begin PBXContainerItemProxy section */
		4303F1F9161216A80057A64C /* PBXContainerItemProxy */ = {
			isa = PBXContainerItemProxy;
			containerPortal = 4336383F1562DECF0018D554 /* Utils.xcodeproj */;
			proxyType = 1;
			remoteGlobalIDString = 433638091562DE440018D554;
			remoteInfo = Utils;
		};
		4303F218161216C30057A64C /* PBXContainerItemProxy */ = {
			isa = PBXContainerItemProxy;
			containerPortal = 4341AB2D1387B66600297297 /* Project object */;
			proxyType = 1;
			remoteGlobalIDString = 4303F1F7161216A80057A64C;
			remoteInfo = UPnPFrameworkNative;
		};
		433638461562DECF0018D554 /* PBXContainerItemProxy */ = {
			isa = PBXContainerItemProxy;
			containerPortal = 4336383F1562DECF0018D554 /* Utils.xcodeproj */;
			proxyType = 2;
			remoteGlobalIDString = 4336380A1562DE440018D554;
			remoteInfo = Utils;
		};
		4336384A1562E0560018D554 /* PBXContainerItemProxy */ = {
			isa = PBXContainerItemProxy;
			containerPortal = 4336383F1562DECF0018D554 /* Utils.xcodeproj */;
			proxyType = 1;
			remoteGlobalIDString = 433638091562DE440018D554;
			remoteInfo = Utils;
		};
		435654781613B76600868D6B /* PBXContainerItemProxy */ = {
			isa = PBXContainerItemProxy;
			containerPortal = 4336383F1562DECF0018D554 /* Utils.xcodeproj */;
			proxyType = 1;
			remoteGlobalIDString = 433638091562DE440018D554;
			remoteInfo = Utils;
		};
/* End PBXContainerItemProxy section */

/* Begin PBXCopyFilesBuildPhase section */
		4303F15A1612080E0057A64C /* CopyFiles */ = {
			isa = PBXCopyFilesBuildPhase;
			buildActionMask = 2147483647;
			dstPath = /usr/share/man/man1/;
			dstSubfolderSpec = 0;
			files = (
			);
			runOnlyForDeploymentPostprocessing = 1;
		};
		4303F213161216A80057A64C /* CopyFiles */ = {
			isa = PBXCopyFilesBuildPhase;
			buildActionMask = 2147483647;
			dstPath = "";
			dstSubfolderSpec = 11;
			files = (
			);
			runOnlyForDeploymentPostprocessing = 0;
		};
		43B0FD01138D9445002DD709 /* CopyFiles */ = {
			isa = PBXCopyFilesBuildPhase;
			buildActionMask = 2147483647;
			dstPath = "";
			dstSubfolderSpec = 11;
			files = (
			);
			runOnlyForDeploymentPostprocessing = 0;
		};
/* End PBXCopyFilesBuildPhase section */

/* Begin PBXFileReference section */
		4303F15C1612080E0057A64C /* UPnPUnitTests */ = {isa = PBXFileReference; explicitFileType = "compiled.mach-o.executable"; includeInIndex = 0; path = UPnPUnitTests; sourceTree = BUILT_PRODUCTS_DIR; };
		4303F188161208630057A64C /* main.cpp */ = {isa = PBXFileReference; fileEncoding = 4; lastKnownFileType = sourcecode.cpp.cpp; name = main.cpp; path = test/main.cpp; sourceTree = SOURCE_ROOT; };
		4303F189161208630057A64C /* testutils.h */ = {isa = PBXFileReference; fileEncoding = 4; lastKnownFileType = sourcecode.c.h; name = testutils.h; path = test/testutils.h; sourceTree = SOURCE_ROOT; };
		4303F18A161208630057A64C /* xmlutilstest.cpp */ = {isa = PBXFileReference; fileEncoding = 4; lastKnownFileType = sourcecode.cpp.cpp; name = xmlutilstest.cpp; path = test/xmlutilstest.cpp; sourceTree = SOURCE_ROOT; };
		4303F217161216A80057A64C /* libUPnPFrameworkNative.a */ = {isa = PBXFileReference; explicitFileType = archive.ar; includeInIndex = 0; path = libUPnPFrameworkNative.a; sourceTree = BUILT_PRODUCTS_DIR; };
		432C62B2154EE9CC00068315 /* upnpclient.h */ = {isa = PBXFileReference; lastKnownFileType = sourcecode.c.h; path = upnpclient.h; sourceTree = "<group>"; };
		432C62B4154EEA2900068315 /* upnpclient.cpp */ = {isa = PBXFileReference; fileEncoding = 4; lastKnownFileType = sourcecode.cpp.cpp; name = upnpclient.cpp; path = src/upnpclient.cpp; sourceTree = "<group>"; };
		4336383F1562DECF0018D554 /* Utils.xcodeproj */ = {isa = PBXFileReference; lastKnownFileType = "wrapper.pb-project"; name = Utils.xcodeproj; path = modules/utils/Utils.xcodeproj; sourceTree = "<group>"; };
		4341AB361387B66600297297 /* libUPnPFramework.a */ = {isa = PBXFileReference; explicitFileType = archive.ar; includeInIndex = 0; path = libUPnPFramework.a; sourceTree = BUILT_PRODUCTS_DIR; };
		434203AD1633E1AC0058A49A /* controlpointtest.cpp */ = {isa = PBXFileReference; fileEncoding = 4; lastKnownFileType = sourcecode.cpp.cpp; name = controlpointtest.cpp; path = test/controlpointtest.cpp; sourceTree = "<group>"; };
		434203AE1633E1AC0058A49A /* devicediscover.h */ = {isa = PBXFileReference; fileEncoding = 4; lastKnownFileType = sourcecode.c.h; name = devicediscover.h; path = test/devicediscover.h; sourceTree = "<group>"; };
		434203AF1633E1AC0058A49A /* mediarenderertest.cpp */ = {isa = PBXFileReference; fileEncoding = 4; lastKnownFileType = sourcecode.cpp.cpp; name = mediarenderertest.cpp; path = test/mediarenderertest.cpp; sourceTree = "<group>"; };
		434203B01633E1AC0058A49A /* mediaservertest.cpp */ = {isa = PBXFileReference; fileEncoding = 4; lastKnownFileType = sourcecode.cpp.cpp; name = mediaservertest.cpp; path = test/mediaservertest.cpp; sourceTree = "<group>"; };
		434203B11633E1AC0058A49A /* testenvironment.h */ = {isa = PBXFileReference; fileEncoding = 4; lastKnownFileType = sourcecode.c.h; name = testenvironment.h; path = test/testenvironment.h; sourceTree = "<group>"; };
		4356541A16137C1800868D6B /* upnpclientinterface.h */ = {isa = PBXFileReference; lastKnownFileType = sourcecode.c.h; path = upnpclientinterface.h; sourceTree = "<group>"; };
		435654741613B6BF00868D6B /* libgmock.a */ = {isa = PBXFileReference; lastKnownFileType = archive.ar; name = libgmock.a; path = modules/gmock/lib/libgmock.a; sourceTree = "<group>"; };
		435654751613B6BF00868D6B /* libgtest.a */ = {isa = PBXFileReference; lastKnownFileType = archive.ar; name = libgtest.a; path = modules/gmock/lib/libgtest.a; sourceTree = "<group>"; };
		4356547C1613B96800868D6B /* upnpclientmock.h */ = {isa = PBXFileReference; lastKnownFileType = sourcecode.c.h; path = upnpclientmock.h; sourceTree = "<group>"; };
		4356547D1613B9B200868D6B /* upnprenderingcontroltest.cpp */ = {isa = PBXFileReference; fileEncoding = 4; lastKnownFileType = sourcecode.cpp.cpp; name = upnprenderingcontroltest.cpp; path = UnitTests/upnprenderingcontroltest.cpp; sourceTree = "<group>"; };
		435654821614D10100868D6B /* testxmls.h */ = {isa = PBXFileReference; lastKnownFileType = sourcecode.c.h; name = testxmls.h; path = UnitTests/testxmls.h; sourceTree = "<group>"; };
		4356548316165F9100868D6B /* eventlistenermock.h */ = {isa = PBXFileReference; lastKnownFileType = sourcecode.c.h; path = eventlistenermock.h; sourceTree = "<group>"; };
		4357AEF1154BF7280021F9BE /* upnprenderingcontrol.h */ = {isa = PBXFileReference; lastKnownFileType = sourcecode.c.h; path = upnprenderingcontrol.h; sourceTree = "<group>"; };
		4357AEF3154BF7470021F9BE /* upnprenderingcontrol.cpp */ = {isa = PBXFileReference; fileEncoding = 4; lastKnownFileType = sourcecode.cpp.cpp; name = upnprenderingcontrol.cpp; path = src/upnprenderingcontrol.cpp; sourceTree = "<group>"; };
		4357AEF5154BFE7F0021F9BE /* upnpaction.h */ = {isa = PBXFileReference; lastKnownFileType = sourcecode.c.h; path = upnpaction.h; sourceTree = "<group>"; };
		4357AEF6154BFE900021F9BE /* upnpaction.cpp */ = {isa = PBXFileReference; fileEncoding = 4; lastKnownFileType = sourcecode.cpp.cpp; name = upnpaction.cpp; path = src/upnpaction.cpp; sourceTree = "<group>"; };
		4357AEF8154C07540021F9BE /* upnputils.h */ = {isa = PBXFileReference; lastKnownFileType = sourcecode.c.h; path = upnputils.h; sourceTree = "<group>"; };
		4357AEF9154C58AF0021F9BE /* upnpprotocolinfo.h */ = {isa = PBXFileReference; lastKnownFileType = sourcecode.c.h; path = upnpprotocolinfo.h; sourceTree = "<group>"; };
		4357AEFA154C58C00021F9BE /* upnpprotocolinfo.cpp */ = {isa = PBXFileReference; fileEncoding = 4; lastKnownFileType = sourcecode.cpp.cpp; name = upnpprotocolinfo.cpp; path = src/upnpprotocolinfo.cpp; sourceTree = "<group>"; };
		4357AEFC154C70FF0021F9BE /* upnpconnectionmanager.h */ = {isa = PBXFileReference; lastKnownFileType = sourcecode.c.h; path = upnpconnectionmanager.h; sourceTree = "<group>"; };
		4357AEFD154C71120021F9BE /* upnpconnectionmanager.cpp */ = {isa = PBXFileReference; fileEncoding = 4; lastKnownFileType = sourcecode.cpp.cpp; name = upnpconnectionmanager.cpp; path = src/upnpconnectionmanager.cpp; sourceTree = "<group>"; };
		4357AEFF154C78D00021F9BE /* upnpxmlutils.h */ = {isa = PBXFileReference; lastKnownFileType = sourcecode.c.h; path = upnpxmlutils.h; sourceTree = "<group>"; };
		4357AF02154C7C1C0021F9BE /* upnpmediarenderer.h */ = {isa = PBXFileReference; lastKnownFileType = sourcecode.c.h; path = upnpmediarenderer.h; sourceTree = "<group>"; };
		4357AF03154C7C390021F9BE /* upnpmediarenderer.cpp */ = {isa = PBXFileReference; fileEncoding = 4; lastKnownFileType = sourcecode.cpp.cpp; name = upnpmediarenderer.cpp; path = src/upnpmediarenderer.cpp; sourceTree = "<group>"; };
		4357AF05154C81890021F9BE /* upnpxmlutils.cpp */ = {isa = PBXFileReference; fileEncoding = 4; lastKnownFileType = sourcecode.cpp.cpp; name = upnpxmlutils.cpp; path = src/upnpxmlutils.cpp; sourceTree = "<group>"; };
		4357AF07154D20D50021F9BE /* upnpcontentdirectory.h */ = {isa = PBXFileReference; lastKnownFileType = sourcecode.c.h; path = upnpcontentdirectory.h; sourceTree = "<group>"; };
		4357AF08154D21840021F9BE /* upnpcontentdirectory.cpp */ = {isa = PBXFileReference; fileEncoding = 4; lastKnownFileType = sourcecode.cpp.cpp; name = upnpcontentdirectory.cpp; path = src/upnpcontentdirectory.cpp; sourceTree = "<group>"; };
		4357AF0A154D30DF0021F9BE /* upnpmediaserver.h */ = {isa = PBXFileReference; lastKnownFileType = sourcecode.c.h; path = upnpmediaserver.h; sourceTree = "<group>"; };
		4357AF0B154D30ED0021F9BE /* upnpmediaserver.cpp */ = {isa = PBXFileReference; fileEncoding = 4; lastKnownFileType = sourcecode.cpp.cpp; name = upnpmediaserver.cpp; path = src/upnpmediaserver.cpp; sourceTree = "<group>"; };
		4357AF0D154D58570021F9BE /* upnptypes.h */ = {isa = PBXFileReference; lastKnownFileType = sourcecode.c.h; path = upnptypes.h; sourceTree = "<group>"; };
		438A0265160DF89B00045136 /* upnpstatevariable.h */ = {isa = PBXFileReference; lastKnownFileType = sourcecode.c.h; path = upnpstatevariable.h; sourceTree = "<group>"; };
		438A7A42150E9B1F0093A521 /* upnpcontrolpoint.cpp */ = {isa = PBXFileReference; fileEncoding = 4; lastKnownFileType = sourcecode.cpp.cpp; name = upnpcontrolpoint.cpp; path = src/upnpcontrolpoint.cpp; sourceTree = "<group>"; };
		438A7A43150E9B1F0093A521 /* upnpdevicescanner.cpp */ = {isa = PBXFileReference; fileEncoding = 4; lastKnownFileType = sourcecode.cpp.cpp; name = upnpdevicescanner.cpp; path = src/upnpdevicescanner.cpp; sourceTree = "<group>"; };
		438A7A44150E9B1F0093A521 /* upnphttpget.cpp */ = {isa = PBXFileReference; fileEncoding = 4; lastKnownFileType = sourcecode.cpp.cpp; name = upnphttpget.cpp; path = src/upnphttpget.cpp; sourceTree = "<group>"; };
		438A7A45150E9B1F0093A521 /* upnpitem.cpp */ = {isa = PBXFileReference; fileEncoding = 4; lastKnownFileType = sourcecode.cpp.cpp; name = upnpitem.cpp; path = src/upnpitem.cpp; sourceTree = "<group>"; };
		438A7A4F150E9B300093A521 /* upnpcontrolpoint.h */ = {isa = PBXFileReference; fileEncoding = 4; lastKnownFileType = sourcecode.c.h; path = upnpcontrolpoint.h; sourceTree = "<group>"; };
		438A7A50150E9B300093A521 /* upnpdevice.h */ = {isa = PBXFileReference; fileEncoding = 4; lastKnownFileType = sourcecode.c.h; path = upnpdevice.h; sourceTree = "<group>"; };
		438A7A51150E9B300093A521 /* upnpdevicescanner.h */ = {isa = PBXFileReference; fileEncoding = 4; lastKnownFileType = sourcecode.c.h; path = upnpdevicescanner.h; sourceTree = "<group>"; };
		438A7A52150E9B300093A521 /* upnphttpget.h */ = {isa = PBXFileReference; fileEncoding = 4; lastKnownFileType = sourcecode.c.h; path = upnphttpget.h; sourceTree = "<group>"; };
		438A7A53150E9B300093A521 /* upnpitem.h */ = {isa = PBXFileReference; fileEncoding = 4; lastKnownFileType = sourcecode.c.h; path = upnpitem.h; sourceTree = "<group>"; };
		439EBBCD1551BD48000177C5 /* upnpavtransport.h */ = {isa = PBXFileReference; lastKnownFileType = sourcecode.c.h; path = upnpavtransport.h; sourceTree = "<group>"; };
		439EBBCF1551BD90000177C5 /* upnpavtransport.cpp */ = {isa = PBXFileReference; fileEncoding = 4; lastKnownFileType = sourcecode.cpp.cpp; name = upnpavtransport.cpp; path = src/upnpavtransport.cpp; sourceTree = "<group>"; };
		43ADACBA161F4C4100FE5F44 /* upnpcontentdirectorytest.cpp */ = {isa = PBXFileReference; fileEncoding = 4; lastKnownFileType = sourcecode.cpp.cpp; name = upnpcontentdirectorytest.cpp; path = UnitTests/upnpcontentdirectorytest.cpp; sourceTree = "<group>"; };
		43CC5A9416176125001B72D8 /* upnpavtransporttest.cpp */ = {isa = PBXFileReference; fileEncoding = 4; lastKnownFileType = sourcecode.cpp.cpp; name = upnpavtransporttest.cpp; path = UnitTests/upnpavtransporttest.cpp; sourceTree = "<group>"; };
		43CC5AB0161A07F4001B72D8 /* upnpservicebase.h */ = {isa = PBXFileReference; fileEncoding = 4; lastKnownFileType = sourcecode.c.h; path = upnpservicebase.h; sourceTree = "<group>"; };
		43CC5AB7161A428E001B72D8 /* upnpobjectprinter.h */ = {isa = PBXFileReference; fileEncoding = 4; lastKnownFileType = sourcecode.c.h; name = upnpobjectprinter.h; path = UnitTests/upnpobjectprinter.h; sourceTree = "<group>"; };
		43CC5AB9161B6576001B72D8 /* upnpservicebasetest.cpp */ = {isa = PBXFileReference; fileEncoding = 4; lastKnownFileType = sourcecode.cpp.cpp; name = upnpservicebasetest.cpp; path = UnitTests/upnpservicebasetest.cpp; sourceTree = "<group>"; };
		43F157BE155EEC5C00B6F8B0 /* upnpwebserver.h */ = {isa = PBXFileReference; lastKnownFileType = sourcecode.c.h; path = upnpwebserver.h; sourceTree = "<group>"; };
		43F157C0155EED0C00B6F8B0 /* upnpwebserver.cpp */ = {isa = PBXFileReference; fileEncoding = 4; lastKnownFileType = sourcecode.cpp.cpp; name = upnpwebserver.cpp; path = src/upnpwebserver.cpp; sourceTree = "<group>"; };
/* End PBXFileReference section */

/* Begin PBXFrameworksBuildPhase section */
		4303F1591612080E0057A64C /* Frameworks */ = {
			isa = PBXFrameworksBuildPhase;
			buildActionMask = 2147483647;
			files = (
				4356547A1613B90400868D6B /* libUtils.a in Frameworks */,
				435654761613B6BF00868D6B /* libgmock.a in Frameworks */,
				435654771613B6BF00868D6B /* libgtest.a in Frameworks */,
				4303F21A161232220057A64C /* libUPnPFrameworkNative.a in Frameworks */,
			);
			runOnlyForDeploymentPostprocessing = 0;
		};
		4303F20B161216A80057A64C /* Frameworks */ = {
			isa = PBXFrameworksBuildPhase;
			buildActionMask = 2147483647;
			files = (
			);
			runOnlyForDeploymentPostprocessing = 0;
		};
		4341AB331387B66600297297 /* Frameworks */ = {
			isa = PBXFrameworksBuildPhase;
			buildActionMask = 2147483647;
			files = (
			);
			runOnlyForDeploymentPostprocessing = 0;
		};
/* End PBXFrameworksBuildPhase section */

/* Begin PBXGroup section */
		433638401562DECF0018D554 /* Products */ = {
			isa = PBXGroup;
			children = (
				433638471562DECF0018D554 /* libUtils.a */,
			);
			name = Products;
			sourceTree = "<group>";
		};
		4341AB2B1387B66600297297 = {
			isa = PBXGroup;
			children = (
				434203B71633E1BB0058A49A /* test */,
				435654741613B6BF00868D6B /* libgmock.a */,
				435654751613B6BF00868D6B /* libgtest.a */,
				4341AB371387B66600297297 /* Products */,
				438A7A4C150E9B300093A521 /* upnp */,
				4357AEF6154BFE900021F9BE /* upnpaction.cpp */,
				439EBBCF1551BD90000177C5 /* upnpavtransport.cpp */,
				432C62B4154EEA2900068315 /* upnpclient.cpp */,
				4357AEFD154C71120021F9BE /* upnpconnectionmanager.cpp */,
				4357AF08154D21840021F9BE /* upnpcontentdirectory.cpp */,
				438A7A42150E9B1F0093A521 /* upnpcontrolpoint.cpp */,
				438A7A43150E9B1F0093A521 /* upnpdevicescanner.cpp */,
				438A7A44150E9B1F0093A521 /* upnphttpget.cpp */,
				438A7A45150E9B1F0093A521 /* upnpitem.cpp */,
				4357AF03154C7C390021F9BE /* upnpmediarenderer.cpp */,
				4357AF0B154D30ED0021F9BE /* upnpmediaserver.cpp */,
				4357AEFA154C58C00021F9BE /* upnpprotocolinfo.cpp */,
				4357AEF3154BF7470021F9BE /* upnprenderingcontrol.cpp */,
				43F157C0155EED0C00B6F8B0 /* upnpwebserver.cpp */,
				4357AF05154C81890021F9BE /* upnpxmlutils.cpp */,
				4336383F1562DECF0018D554 /* Utils.xcodeproj */,
			);
			sourceTree = "<group>";
		};
		4341AB371387B66600297297 /* Products */ = {
			isa = PBXGroup;
			children = (
				4341AB361387B66600297297 /* libUPnPFramework.a */,
				4303F15C1612080E0057A64C /* UPnPUnitTests */,
				4303F217161216A80057A64C /* libUPnPFrameworkNative.a */,
			);
			name = Products;
			sourceTree = "<group>";
		};
		434203B71633E1BB0058A49A /* test */ = {
			isa = PBXGroup;
			children = (
				4303F188161208630057A64C /* main.cpp */,
				4303F189161208630057A64C /* testutils.h */,
				4303F18A161208630057A64C /* xmlutilstest.cpp */,
				4356547D1613B9B200868D6B /* upnprenderingcontroltest.cpp */,
				435654821614D10100868D6B /* testxmls.h */,
				43CC5A9416176125001B72D8 /* upnpavtransporttest.cpp */,
				43CC5AB7161A428E001B72D8 /* upnpobjectprinter.h */,
				43CC5AB9161B6576001B72D8 /* upnpservicebasetest.cpp */,
				43ADACBA161F4C4100FE5F44 /* upnpcontentdirectorytest.cpp */,
				4356547B1613B95700868D6B /* Mocks */,
				434203AD1633E1AC0058A49A /* controlpointtest.cpp */,
				434203AE1633E1AC0058A49A /* devicediscover.h */,
				434203AF1633E1AC0058A49A /* mediarenderertest.cpp */,
				434203B01633E1AC0058A49A /* mediaservertest.cpp */,
				434203B11633E1AC0058A49A /* testenvironment.h */,
			);
			name = test;
			sourceTree = "<group>";
		};
		4356547B1613B95700868D6B /* Mocks */ = {
			isa = PBXGroup;
			children = (
				4356547C1613B96800868D6B /* upnpclientmock.h */,
				4356548316165F9100868D6B /* eventlistenermock.h */,
			);
			name = Mocks;
			path = UnitTests;
			sourceTree = "<group>";
		};
		438A7A4C150E9B300093A521 /* upnp */ = {
			isa = PBXGroup;
			children = (
				4357AEF5154BFE7F0021F9BE /* upnpaction.h */,
				439EBBCD1551BD48000177C5 /* upnpavtransport.h */,
				432C62B2154EE9CC00068315 /* upnpclient.h */,
				4356541A16137C1800868D6B /* upnpclientinterface.h */,
				4357AEFC154C70FF0021F9BE /* upnpconnectionmanager.h */,
				4357AF07154D20D50021F9BE /* upnpcontentdirectory.h */,
				438A7A4F150E9B300093A521 /* upnpcontrolpoint.h */,
				438A7A50150E9B300093A521 /* upnpdevice.h */,
				438A7A51150E9B300093A521 /* upnpdevicescanner.h */,
				438A7A52150E9B300093A521 /* upnphttpget.h */,
				438A7A53150E9B300093A521 /* upnpitem.h */,
				4357AF02154C7C1C0021F9BE /* upnpmediarenderer.h */,
				4357AF0A154D30DF0021F9BE /* upnpmediaserver.h */,
				4357AEF9154C58AF0021F9BE /* upnpprotocolinfo.h */,
				4357AEF1154BF7280021F9BE /* upnprenderingcontrol.h */,
				43CC5AB0161A07F4001B72D8 /* upnpservicebase.h */,
				438A0265160DF89B00045136 /* upnpstatevariable.h */,
				4357AF0D154D58570021F9BE /* upnptypes.h */,
				4357AEF8154C07540021F9BE /* upnputils.h */,
				43F157BE155EEC5C00B6F8B0 /* upnpwebserver.h */,
				4357AEFF154C78D00021F9BE /* upnpxmlutils.h */,
			);
			name = upnp;
			path = inc/upnp;
			sourceTree = "<group>";
		};
/* End PBXGroup section */

/* Begin PBXHeadersBuildPhase section */
		4303F20C161216A80057A64C /* Headers */ = {
			isa = PBXHeadersBuildPhase;
			buildActionMask = 2147483647;
			files = (
				4303F20E161216A80057A64C /* upnpcontrolpoint.h in Headers */,
				4303F20F161216A80057A64C /* upnpdevice.h in Headers */,
				4303F210161216A80057A64C /* upnpdevicescanner.h in Headers */,
				4303F211161216A80057A64C /* upnphttpget.h in Headers */,
				4303F212161216A80057A64C /* upnpitem.h in Headers */,
				43CC5AB2161A07F4001B72D8 /* upnpservicebase.h in Headers */,
			);
			runOnlyForDeploymentPostprocessing = 0;
		};
		4341AB341387B66600297297 /* Headers */ = {
			isa = PBXHeadersBuildPhase;
			buildActionMask = 2147483647;
			files = (
				438A7A56150E9B300093A521 /* upnpcontrolpoint.h in Headers */,
				438A7A57150E9B300093A521 /* upnpdevice.h in Headers */,
				438A7A58150E9B300093A521 /* upnpdevicescanner.h in Headers */,
				438A7A59150E9B300093A521 /* upnphttpget.h in Headers */,
				438A7A5A150E9B300093A521 /* upnpitem.h in Headers */,
				43CC5AB1161A07F4001B72D8 /* upnpservicebase.h in Headers */,
			);
			runOnlyForDeploymentPostprocessing = 0;
		};
/* End PBXHeadersBuildPhase section */

/* Begin PBXNativeTarget section */
		4303F15B1612080E0057A64C /* UPnPUnitTests */ = {
			isa = PBXNativeTarget;
			buildConfigurationList = 4303F1631612080E0057A64C /* Build configuration list for PBXNativeTarget "UPnPUnitTests" */;
			buildPhases = (
				4303F1581612080E0057A64C /* Sources */,
				4303F1591612080E0057A64C /* Frameworks */,
				4303F15A1612080E0057A64C /* CopyFiles */,
			);
			buildRules = (
			);
			dependencies = (
				435654791613B76600868D6B /* PBXTargetDependency */,
				4303F219161216C30057A64C /* PBXTargetDependency */,
			);
			name = UPnPUnitTests;
			productName = UnitTests;
			productReference = 4303F15C1612080E0057A64C /* UPnPUnitTests */;
			productType = "com.apple.product-type.tool";
		};
		4303F1F7161216A80057A64C /* UPnPFrameworkNative */ = {
			isa = PBXNativeTarget;
			buildConfigurationList = 4303F214161216A80057A64C /* Build configuration list for PBXNativeTarget "UPnPFrameworkNative" */;
			buildPhases = (
				4303F1FA161216A80057A64C /* Sources */,
				4303F20B161216A80057A64C /* Frameworks */,
				4303F20C161216A80057A64C /* Headers */,
				4303F213161216A80057A64C /* CopyFiles */,
			);
			buildRules = (
			);
			dependencies = (
				4303F1F8161216A80057A64C /* PBXTargetDependency */,
			);
			name = UPnPFrameworkNative;
			productName = UPnPFramework;
			productReference = 4303F217161216A80057A64C /* libUPnPFrameworkNative.a */;
			productType = "com.apple.product-type.library.static";
		};
		4341AB351387B66600297297 /* UPnPFramework */ = {
			isa = PBXNativeTarget;
			buildConfigurationList = 4341AB591387B66600297297 /* Build configuration list for PBXNativeTarget "UPnPFramework" */;
			buildPhases = (
				4341AB321387B66600297297 /* Sources */,
				4341AB331387B66600297297 /* Frameworks */,
				4341AB341387B66600297297 /* Headers */,
				43B0FD01138D9445002DD709 /* CopyFiles */,
			);
			buildRules = (
			);
			dependencies = (
				4336384B1562E0560018D554 /* PBXTargetDependency */,
			);
			name = UPnPFramework;
			productName = UPnPFramework;
			productReference = 4341AB361387B66600297297 /* libUPnPFramework.a */;
			productType = "com.apple.product-type.library.static";
		};
/* End PBXNativeTarget section */

/* Begin PBXProject section */
		4341AB2D1387B66600297297 /* Project object */ = {
			isa = PBXProject;
			attributes = {
				LastUpgradeCheck = 0450;
				ORGANIZATIONNAME = None;
			};
			buildConfigurationList = 4341AB301387B66600297297 /* Build configuration list for PBXProject "UPnPFramework" */;
			compatibilityVersion = "Xcode 3.2";
			developmentRegion = English;
			hasScannedForEncodings = 0;
			knownRegions = (
				en,
			);
			mainGroup = 4341AB2B1387B66600297297;
			productRefGroup = 4341AB371387B66600297297 /* Products */;
			projectDirPath = "";
			projectReferences = (
				{
					ProductGroup = 433638401562DECF0018D554 /* Products */;
					ProjectRef = 4336383F1562DECF0018D554 /* Utils.xcodeproj */;
				},
			);
			projectRoot = "";
			targets = (
				4341AB351387B66600297297 /* UPnPFramework */,
				4303F15B1612080E0057A64C /* UPnPUnitTests */,
				4303F1F7161216A80057A64C /* UPnPFrameworkNative */,
			);
		};
/* End PBXProject section */

/* Begin PBXReferenceProxy section */
		433638471562DECF0018D554 /* libUtils.a */ = {
			isa = PBXReferenceProxy;
			fileType = archive.ar;
			path = libUtils.a;
			remoteRef = 433638461562DECF0018D554 /* PBXContainerItemProxy */;
			sourceTree = BUILT_PRODUCTS_DIR;
		};
/* End PBXReferenceProxy section */

/* Begin PBXSourcesBuildPhase section */
		4303F1581612080E0057A64C /* Sources */ = {
			isa = PBXSourcesBuildPhase;
			buildActionMask = 2147483647;
			files = (
				43CC5A961617613F001B72D8 /* upnpavtransporttest.cpp in Sources */,
				435654811613BC3500868D6B /* upnprenderingcontroltest.cpp in Sources */,
				4303F18B161208630057A64C /* main.cpp in Sources */,
				4303F18C161208630057A64C /* xmlutilstest.cpp in Sources */,
				43CC5ABA161B6576001B72D8 /* upnpservicebasetest.cpp in Sources */,
				43ADACBB161F4C4100FE5F44 /* upnpcontentdirectorytest.cpp in Sources */,
				434203B21633E1AC0058A49A /* controlpointtest.cpp in Sources */,
				434203B31633E1AC0058A49A /* mediarenderertest.cpp in Sources */,
				434203B41633E1AC0058A49A /* mediaservertest.cpp in Sources */,
			);
			runOnlyForDeploymentPostprocessing = 0;
		};
		4303F1FA161216A80057A64C /* Sources */ = {
			isa = PBXSourcesBuildPhase;
			buildActionMask = 2147483647;
			files = (
				4303F1FC161216A80057A64C /* upnpcontrolpoint.cpp in Sources */,
				4303F1FD161216A80057A64C /* upnpdevicescanner.cpp in Sources */,
				4303F1FE161216A80057A64C /* upnphttpget.cpp in Sources */,
				4303F1FF161216A80057A64C /* upnpitem.cpp in Sources */,
				4303F200161216A80057A64C /* upnprenderingcontrol.cpp in Sources */,
				4303F201161216A80057A64C /* upnpaction.cpp in Sources */,
				4303F202161216A80057A64C /* upnpprotocolinfo.cpp in Sources */,
				4303F203161216A80057A64C /* upnpconnectionmanager.cpp in Sources */,
				4303F204161216A80057A64C /* upnpmediarenderer.cpp in Sources */,
				4303F205161216A80057A64C /* upnpxmlutils.cpp in Sources */,
				4303F206161216A80057A64C /* upnpcontentdirectory.cpp in Sources */,
				4303F207161216A80057A64C /* upnpmediaserver.cpp in Sources */,
				4303F208161216A80057A64C /* upnpclient.cpp in Sources */,
				4303F209161216A80057A64C /* upnpavtransport.cpp in Sources */,
				4303F20A161216A80057A64C /* upnpwebserver.cpp in Sources */,
			);
			runOnlyForDeploymentPostprocessing = 0;
		};
		4341AB321387B66600297297 /* Sources */ = {
			isa = PBXSourcesBuildPhase;
			buildActionMask = 2147483647;
			files = (
				438A7A48150E9B1F0093A521 /* upnpcontrolpoint.cpp in Sources */,
				438A7A49150E9B1F0093A521 /* upnpdevicescanner.cpp in Sources */,
				438A7A4A150E9B1F0093A521 /* upnphttpget.cpp in Sources */,
				438A7A4B150E9B1F0093A521 /* upnpitem.cpp in Sources */,
				4357AEF4154BF7470021F9BE /* upnprenderingcontrol.cpp in Sources */,
				4357AEF7154BFE900021F9BE /* upnpaction.cpp in Sources */,
				4357AEFB154C58C00021F9BE /* upnpprotocolinfo.cpp in Sources */,
				4357AEFE154C71120021F9BE /* upnpconnectionmanager.cpp in Sources */,
				4357AF04154C7C390021F9BE /* upnpmediarenderer.cpp in Sources */,
				4357AF06154C81890021F9BE /* upnpxmlutils.cpp in Sources */,
				4357AF09154D21840021F9BE /* upnpcontentdirectory.cpp in Sources */,
				4357AF0C154D30ED0021F9BE /* upnpmediaserver.cpp in Sources */,
				432C62B5154EEA2A00068315 /* upnpclient.cpp in Sources */,
				439EBBD01551BD90000177C5 /* upnpavtransport.cpp in Sources */,
				43F157C1155EED0C00B6F8B0 /* upnpwebserver.cpp in Sources */,
			);
			runOnlyForDeploymentPostprocessing = 0;
		};
/* End PBXSourcesBuildPhase section */

/* Begin PBXTargetDependency section */
		4303F1F8161216A80057A64C /* PBXTargetDependency */ = {
			isa = PBXTargetDependency;
			name = Utils;
			targetProxy = 4303F1F9161216A80057A64C /* PBXContainerItemProxy */;
		};
		4303F219161216C30057A64C /* PBXTargetDependency */ = {
			isa = PBXTargetDependency;
			target = 4303F1F7161216A80057A64C /* UPnPFrameworkNative */;
			targetProxy = 4303F218161216C30057A64C /* PBXContainerItemProxy */;
		};
		4336384B1562E0560018D554 /* PBXTargetDependency */ = {
			isa = PBXTargetDependency;
			name = Utils;
			targetProxy = 4336384A1562E0560018D554 /* PBXContainerItemProxy */;
		};
		435654791613B76600868D6B /* PBXTargetDependency */ = {
			isa = PBXTargetDependency;
			name = Utils;
			targetProxy = 435654781613B76600868D6B /* PBXContainerItemProxy */;
		};
/* End PBXTargetDependency section */

/* Begin XCBuildConfiguration section */
		4303F1641612080E0057A64C /* Debug */ = {
			isa = XCBuildConfiguration;
			buildSettings = {
				ARCHS = "$(ARCHS_STANDARD_32_64_BIT)";
				CLANG_CXX_LANGUAGE_STANDARD = "c++0x";
				CLANG_CXX_LIBRARY = "libc++";
				CLANG_WARN_EMPTY_BODY = YES;
				CLANG_WARN__DUPLICATE_METHOD_MATCH = YES;
				COPY_PHASE_STRIP = NO;
				FRAMEWORK_SEARCH_PATHS = "$(inherited)";
				GCC_DYNAMIC_NO_PIC = NO;
				GCC_ENABLE_OBJC_EXCEPTIONS = YES;
				GCC_PREPROCESSOR_DEFINITIONS = (
					"DEBUG=1",
					"$(inherited)",
				);
				GCC_WARN_64_TO_32_BIT_CONVERSION = YES;
				GCC_WARN_UNINITIALIZED_AUTOS = YES;
				HEADER_SEARCH_PATHS = /opt/ioslibs/include;
				LIBRARY_SEARCH_PATHS = /opt/ioslibs/lib;
				MACOSX_DEPLOYMENT_TARGET = 10.8;
				ONLY_ACTIVE_ARCH = YES;
				OTHER_CPLUSPLUSFLAGS = "$(OTHER_CFLAGS)";
				OTHER_LDFLAGS = (
					"-lixml",
					"-lthreadutil",
					"-lupnp",
					"-lgmock",
					"-lgtest",
				);
				PRODUCT_NAME = "$(TARGET_NAME)";
				SDKROOT = macosx;
				USER_HEADER_SEARCH_PATHS = "$(SRCROOT)/inc $(SRCROOT)/modules/utils/inc";
				VALID_ARCHS = x86_64;
			};
			name = Debug;
		};
		4303F1651612080E0057A64C /* Release */ = {
			isa = XCBuildConfiguration;
			buildSettings = {
				ARCHS = "$(ARCHS_STANDARD_32_64_BIT)";
				CLANG_CXX_LANGUAGE_STANDARD = "c++0x";
				CLANG_CXX_LIBRARY = "libc++";
				CLANG_WARN_EMPTY_BODY = YES;
				CLANG_WARN__DUPLICATE_METHOD_MATCH = YES;
				COPY_PHASE_STRIP = YES;
				DEBUG_INFORMATION_FORMAT = "dwarf-with-dsym";
				FRAMEWORK_SEARCH_PATHS = "$(inherited)";
				GCC_ENABLE_OBJC_EXCEPTIONS = YES;
				GCC_PREPROCESSOR_DEFINITIONS = "";
				GCC_WARN_64_TO_32_BIT_CONVERSION = YES;
				GCC_WARN_UNINITIALIZED_AUTOS = YES;
				HEADER_SEARCH_PATHS = /opt/ioslibs/include;
				LIBRARY_SEARCH_PATHS = /opt/ioslibs/lib;
				MACOSX_DEPLOYMENT_TARGET = 10.8;
				OTHER_CPLUSPLUSFLAGS = "$(OTHER_CFLAGS)";
				OTHER_LDFLAGS = (
					"-lixml",
					"-lthreadutil",
					"-lupnp",
					"-lgmock",
					"-lgtest",
				);
				PRODUCT_NAME = "$(TARGET_NAME)";
				SDKROOT = macosx;
				USER_HEADER_SEARCH_PATHS = "$(SRCROOT)/inc $(SRCROOT)/modules/utils/inc";
				VALID_ARCHS = x86_64;
			};
			name = Release;
		};
		4303F215161216A80057A64C /* Debug */ = {
			isa = XCBuildConfiguration;
			buildSettings = {
				ALWAYS_SEARCH_USER_PATHS = NO;
				ARCHS = "$(ARCHS_STANDARD_32_64_BIT)";
				CLANG_CXX_LANGUAGE_STANDARD = "c++0x";
				CLANG_CXX_LIBRARY = "libc++";
				DSTROOT = /tmp/UPnPFramework.dst;
				GCC_PRECOMPILE_PREFIX_HEADER = NO;
				GCC_PREFIX_HEADER = "";
				GCC_VERSION = com.apple.compilers.llvm.clang.1_0;
				HEADER_SEARCH_PATHS = /opt/ioslibs/include;
				LIBRARY_SEARCH_PATHS = (
					"$(inherited)",
					"\"$(SRCROOT)\"",
				);
				OTHER_CPLUSPLUSFLAGS = "$(OTHER_CFLAGS)";
				OTHER_LDFLAGS = "-ObjC";
				PRODUCT_NAME = "$(TARGET_NAME)";
				SDKROOT = macosx;
				TEST_AFTER_BUILD = NO;
				USER_HEADER_SEARCH_PATHS = "$(SRCROOT)/modules/utils/inc $(SRCROOT)/inc";
				VALID_ARCHS = x86_64;
			};
			name = Debug;
		};
		4303F216161216A80057A64C /* Release */ = {
			isa = XCBuildConfiguration;
			buildSettings = {
				ALWAYS_SEARCH_USER_PATHS = NO;
				ARCHS = "$(ARCHS_STANDARD_32_64_BIT)";
				CLANG_CXX_LANGUAGE_STANDARD = "c++0x";
				CLANG_CXX_LIBRARY = "libc++";
				DSTROOT = /tmp/UPnPFramework.dst;
				GCC_PRECOMPILE_PREFIX_HEADER = NO;
				GCC_PREFIX_HEADER = "";
				GCC_VERSION = com.apple.compilers.llvm.clang.1_0;
				HEADER_SEARCH_PATHS = /opt/ioslibs/include;
				LIBRARY_SEARCH_PATHS = (
					"$(inherited)",
					"\"$(SRCROOT)\"",
				);
				OTHER_CPLUSPLUSFLAGS = "$(OTHER_CFLAGS)";
				OTHER_LDFLAGS = "-ObjC";
				PRODUCT_NAME = "$(TARGET_NAME)";
				SDKROOT = macosx;
				TEST_AFTER_BUILD = NO;
				USER_HEADER_SEARCH_PATHS = "$(SRCROOT)/modules/utils/inc $(SRCROOT)/inc";
				VALID_ARCHS = x86_64;
			};
			name = Release;
		};
		4341AB571387B66600297297 /* Debug */ = {
			isa = XCBuildConfiguration;
			buildSettings = {
				ALWAYS_SEARCH_USER_PATHS = NO;
				ARCHS = "$(ARCHS_STANDARD_32_BIT)";
				GCC_C_LANGUAGE_STANDARD = gnu99;
				GCC_OPTIMIZATION_LEVEL = 0;
				GCC_PREPROCESSOR_DEFINITIONS = DEBUG;
				GCC_SYMBOLS_PRIVATE_EXTERN = NO;
				GCC_VERSION = "";
				GCC_WARN_ABOUT_RETURN_TYPE = YES;
				GCC_WARN_UNUSED_VARIABLE = YES;
				HEADER_SEARCH_PATHS = "";
				LIBRARY_SEARCH_PATHS = "";
				SDKROOT = iphoneos;
				USER_HEADER_SEARCH_PATHS = "$(SRCROOT)";
				VALID_ARCHS = "armv7 i386 x86_64";
				VERSIONING_SYSTEM = "";
			};
			name = Debug;
		};
		4341AB581387B66600297297 /* Release */ = {
			isa = XCBuildConfiguration;
			buildSettings = {
				ALWAYS_SEARCH_USER_PATHS = NO;
				ARCHS = "$(ARCHS_STANDARD_32_BIT)";
				GCC_C_LANGUAGE_STANDARD = gnu99;
				GCC_VERSION = "";
				GCC_WARN_ABOUT_RETURN_TYPE = YES;
				GCC_WARN_UNUSED_VARIABLE = YES;
				HEADER_SEARCH_PATHS = "";
				LIBRARY_SEARCH_PATHS = "";
				SDKROOT = iphoneos;
				USER_HEADER_SEARCH_PATHS = "$(SRCROOT)";
				VALID_ARCHS = "armv7 i386 x86_64";
				VERSIONING_SYSTEM = "";
			};
			name = Release;
		};
		4341AB5A1387B66600297297 /* Debug */ = {
			isa = XCBuildConfiguration;
			buildSettings = {
				ALWAYS_SEARCH_USER_PATHS = NO;
				CLANG_CXX_LANGUAGE_STANDARD = "c++0x";
				CLANG_CXX_LIBRARY = "libc++";
				DSTROOT = /tmp/UPnPFramework.dst;
				GCC_PRECOMPILE_PREFIX_HEADER = NO;
				GCC_PREFIX_HEADER = "";
				GCC_VERSION = com.apple.compilers.llvm.clang.1_0;
				HEADER_SEARCH_PATHS = /opt/ioslibs/include;
				LIBRARY_SEARCH_PATHS = (
					"$(inherited)",
					"\"$(SRCROOT)\"",
				);
				OTHER_CPLUSPLUSFLAGS = "$(OTHER_CFLAGS)";
				OTHER_LDFLAGS = "-ObjC";
				PRODUCT_NAME = "$(TARGET_NAME)";
				TEST_AFTER_BUILD = NO;
				USER_HEADER_SEARCH_PATHS = "$(SRCROOT)/modules/utils/inc $(SRCROOT)/inc";
				VALID_ARCHS = "armv7 x86_64 i386";
			};
			name = Debug;
		};
		4341AB5B1387B66600297297 /* Release */ = {
			isa = XCBuildConfiguration;
			buildSettings = {
				ALWAYS_SEARCH_USER_PATHS = NO;
				CLANG_CXX_LANGUAGE_STANDARD = "c++0x";
				CLANG_CXX_LIBRARY = "libc++";
				DSTROOT = /tmp/UPnPFramework.dst;
				GCC_PRECOMPILE_PREFIX_HEADER = NO;
				GCC_PREFIX_HEADER = "";
				GCC_VERSION = com.apple.compilers.llvm.clang.1_0;
				HEADER_SEARCH_PATHS = /opt/ioslibs/include;
				LIBRARY_SEARCH_PATHS = (
					"$(inherited)",
					"\"$(SRCROOT)\"",
				);
				OTHER_CPLUSPLUSFLAGS = "$(OTHER_CFLAGS)";
				OTHER_LDFLAGS = "-ObjC";
				PRODUCT_NAME = "$(TARGET_NAME)";
				TEST_AFTER_BUILD = NO;
				USER_HEADER_SEARCH_PATHS = "$(SRCROOT)/modules/utils/inc $(SRCROOT)/inc";
				VALID_ARCHS = "armv7 x86_64 i386";
			};
			name = Release;
		};
/* End XCBuildConfiguration section */

/* Begin XCConfigurationList section */
		4303F1631612080E0057A64C /* Build configuration list for PBXNativeTarget "UPnPUnitTests" */ = {
			isa = XCConfigurationList;
			buildConfigurations = (
				4303F1641612080E0057A64C /* Debug */,
				4303F1651612080E0057A64C /* Release */,
			);
			defaultConfigurationIsVisible = 0;
			defaultConfigurationName = Release;
		};
		4303F214161216A80057A64C /* Build configuration list for PBXNativeTarget "UPnPFrameworkNative" */ = {
			isa = XCConfigurationList;
			buildConfigurations = (
				4303F215161216A80057A64C /* Debug */,
				4303F216161216A80057A64C /* Release */,
			);
			defaultConfigurationIsVisible = 0;
			defaultConfigurationName = Release;
		};
		4341AB301387B66600297297 /* Build configuration list for PBXProject "UPnPFramework" */ = {
			isa = XCConfigurationList;
			buildConfigurations = (
				4341AB571387B66600297297 /* Debug */,
				4341AB581387B66600297297 /* Release */,
			);
			defaultConfigurationIsVisible = 0;
			defaultConfigurationName = Release;
		};
		4341AB591387B66600297297 /* Build configuration list for PBXNativeTarget "UPnPFramework" */ = {
			isa = XCConfigurationList;
			buildConfigurations = (
				4341AB5A1387B66600297297 /* Debug */,
				4341AB5B1387B66600297297 /* Release */,
			);
			defaultConfigurationIsVisible = 0;
			defaultConfigurationName = Release;
		};
/* End XCConfigurationList section */
	};
	rootObject = 4341AB2D1387B66600297297 /* Project object */;
}
