// !$*UTF8*$!
{
	archiveVersion = 1;
	classes = {
	};
	objectVersion = 46;
	objects = {

/* Begin PBXBuildFile section */
		4303F18B161208630057A64C /* main.cpp in Sources */ = {isa = PBXBuildFile; fileRef = 4303F188161208630057A64C /* main.cpp */; };
		4303F18C161208630057A64C /* xmlutilstest.cpp in Sources */ = {isa = PBXBuildFile; fileRef = 4303F18A161208630057A64C /* xmlutilstest.cpp */; };
		4303F1FC161216A80057A64C /* upnpcontrolpoint.cpp in Sources */ = {isa = PBXBuildFile; fileRef = 438A7A42150E9B1F0093A521 /* upnpcontrolpoint.cpp */; };
		4303F1FF161216A80057A64C /* upnpitem.cpp in Sources */ = {isa = PBXBuildFile; fileRef = 438A7A45150E9B1F0093A521 /* upnpitem.cpp */; };
		4303F202161216A80057A64C /* upnpprotocolinfo.cpp in Sources */ = {isa = PBXBuildFile; fileRef = 4357AEFA154C58C00021F9BE /* upnpprotocolinfo.cpp */; };
		4303F204161216A80057A64C /* upnpmediarenderer.cpp in Sources */ = {isa = PBXBuildFile; fileRef = 4357AF03154C7C390021F9BE /* upnpmediarenderer.cpp */; };
		4303F205161216A80057A64C /* upnpxmlutils.cpp in Sources */ = {isa = PBXBuildFile; fileRef = 4357AF05154C81890021F9BE /* upnpxmlutils.cpp */; };
		4303F207161216A80057A64C /* upnpmediaserver.cpp in Sources */ = {isa = PBXBuildFile; fileRef = 4357AF0B154D30ED0021F9BE /* upnpmediaserver.cpp */; };
		4303F208161216A80057A64C /* upnpclient.cpp in Sources */ = {isa = PBXBuildFile; fileRef = 432C62B4154EEA2900068315 /* upnpclient.cpp */; };
		4303F20A161216A80057A64C /* upnpwebserver.cpp in Sources */ = {isa = PBXBuildFile; fileRef = 43F157C0155EED0C00B6F8B0 /* upnpwebserver.cpp */; };
		4303F20E161216A80057A64C /* upnpcontrolpoint.h in Headers */ = {isa = PBXBuildFile; fileRef = 438A7A4F150E9B300093A521 /* upnpcontrolpoint.h */; };
		4303F20F161216A80057A64C /* upnpdevice.h in Headers */ = {isa = PBXBuildFile; fileRef = 438A7A50150E9B300093A521 /* upnpdevice.h */; };
		4303F212161216A80057A64C /* upnpitem.h in Headers */ = {isa = PBXBuildFile; fileRef = 438A7A53150E9B300093A521 /* upnpitem.h */; };
		4303F21A161232220057A64C /* libUPnPFrameworkNative.a in Frameworks */ = {isa = PBXBuildFile; fileRef = 4303F217161216A80057A64C /* libUPnPFrameworkNative.a */; };
		43245E0C19E91F220045356D /* upnpcontentdirectoryservice.h in Headers */ = {isa = PBXBuildFile; fileRef = 43245E0819E91F220045356D /* upnpcontentdirectoryservice.h */; };
		43245E0D19E91F220045356D /* upnpfwd.h in Headers */ = {isa = PBXBuildFile; fileRef = 43245E0919E91F220045356D /* upnpfwd.h */; };
		43245E0E19E91F220045356D /* upnphttpreaderbuilder.h in Headers */ = {isa = PBXBuildFile; fileRef = 43245E0A19E91F220045356D /* upnphttpreaderbuilder.h */; };
		43245E0F19E91F220045356D /* upnpserviceclientbase.h in Headers */ = {isa = PBXBuildFile; fileRef = 43245E0B19E91F220045356D /* upnpserviceclientbase.h */; };
		43245E1119E91F3C0045356D /* upnpcontentdirectoryservice.cpp in Sources */ = {isa = PBXBuildFile; fileRef = 43245E1019E91F3C0045356D /* upnpcontentdirectoryservice.cpp */; };
		432C62B5154EEA2A00068315 /* upnpclient.cpp in Sources */ = {isa = PBXBuildFile; fileRef = 432C62B4154EEA2900068315 /* upnpclient.cpp */; };
		433AE2081CD6788A00BD3819 /* upnp.actiontest.cpp in Sources */ = {isa = PBXBuildFile; fileRef = 433AE1F51CD6788A00BD3819 /* upnp.actiontest.cpp */; };
		433AE2091CD6788A00BD3819 /* upnp.avtransportclienttest.cpp in Sources */ = {isa = PBXBuildFile; fileRef = 433AE1F61CD6788A00BD3819 /* upnp.avtransportclienttest.cpp */; };
		433AE20A1CD6788A00BD3819 /* upnp.clienttest.cpp in Sources */ = {isa = PBXBuildFile; fileRef = 433AE1F71CD6788A00BD3819 /* upnp.clienttest.cpp */; };
		433AE20B1CD6788A00BD3819 /* upnp.connectionmanagerclienttest.cpp in Sources */ = {isa = PBXBuildFile; fileRef = 433AE1F81CD6788A00BD3819 /* upnp.connectionmanagerclienttest.cpp */; };
		433AE20C1CD6788A00BD3819 /* upnp.contentdirectoryclienttest.cpp in Sources */ = {isa = PBXBuildFile; fileRef = 433AE1F91CD6788A00BD3819 /* upnp.contentdirectoryclienttest.cpp */; };
		433AE20D1CD6788A00BD3819 /* upnp.devicescannertest.cpp in Sources */ = {isa = PBXBuildFile; fileRef = 433AE1FA1CD6788A00BD3819 /* upnp.devicescannertest.cpp */; };
		433AE20E1CD6788A00BD3819 /* upnp.gena.servertest.cpp in Sources */ = {isa = PBXBuildFile; fileRef = 433AE1FB1CD6788A00BD3819 /* upnp.gena.servertest.cpp */; };
		433AE20F1CD6788A00BD3819 /* upnp.http.clienttest.cpp in Sources */ = {isa = PBXBuildFile; fileRef = 433AE1FC1CD6788A00BD3819 /* upnp.http.clienttest.cpp */; };
		433AE2101CD6788A00BD3819 /* upnp.http.parsertest.cpp in Sources */ = {isa = PBXBuildFile; fileRef = 433AE1FD1CD6788A00BD3819 /* upnp.http.parsertest.cpp */; };
		433AE2111CD6788A00BD3819 /* upnp.mediarenderertest.cpp in Sources */ = {isa = PBXBuildFile; fileRef = 433AE1FE1CD6788A00BD3819 /* upnp.mediarenderertest.cpp */; };
		433AE2121CD6788A00BD3819 /* upnp.renderingcontrolclienttest.cpp in Sources */ = {isa = PBXBuildFile; fileRef = 433AE1FF1CD6788A00BD3819 /* upnp.renderingcontrolclienttest.cpp */; };
		433AE2131CD6788A00BD3819 /* upnp.soap.parseutilstest.cpp in Sources */ = {isa = PBXBuildFile; fileRef = 433AE2011CD6788A00BD3819 /* upnp.soap.parseutilstest.cpp */; };
		433AE2141CD6788A00BD3819 /* upnp.ssdp.clienttest.cpp in Sources */ = {isa = PBXBuildFile; fileRef = 433AE2021CD6788A00BD3819 /* upnp.ssdp.clienttest.cpp */; };
		433AE2151CD6788A00BD3819 /* upnp.ssdp.test.cpp in Sources */ = {isa = PBXBuildFile; fileRef = 433AE2031CD6788A00BD3819 /* upnp.ssdp.test.cpp */; };
		433AE2161CD6788A00BD3819 /* upnp.utilstest.cpp in Sources */ = {isa = PBXBuildFile; fileRef = 433AE2041CD6788A00BD3819 /* upnp.utilstest.cpp */; };
		433AE2171CD6788A00BD3819 /* upnp.uvtest.cpp in Sources */ = {isa = PBXBuildFile; fileRef = 433AE2051CD6788A00BD3819 /* upnp.uvtest.cpp */; };
		433AE2191CD6788A00BD3819 /* upnp.xml.parseutilstest.cpp in Sources */ = {isa = PBXBuildFile; fileRef = 433AE2071CD6788A00BD3819 /* upnp.xml.parseutilstest.cpp */; };
		434192701750AC2700418227 /* upnpxml.h in Headers */ = {isa = PBXBuildFile; fileRef = 4341926F1750AC2700418227 /* upnpxml.h */; };
		434192711750AC2700418227 /* upnpxml.h in Headers */ = {isa = PBXBuildFile; fileRef = 4341926F1750AC2700418227 /* upnpxml.h */; };
		434192731750AC3800418227 /* upnpxml.cpp in Sources */ = {isa = PBXBuildFile; fileRef = 434192721750AC3800418227 /* upnpxml.cpp */; };
		434192741750AC3800418227 /* upnpxml.cpp in Sources */ = {isa = PBXBuildFile; fileRef = 434192721750AC3800418227 /* upnpxml.cpp */; };
		4354A8CF16FF400700F7A88F /* upnpactionresponse.h in Headers */ = {isa = PBXBuildFile; fileRef = 4354A8BC16FF400400F7A88F /* upnpactionresponse.h */; };
		4354A8D016FF400700F7A88F /* upnpactionresponse.h in Headers */ = {isa = PBXBuildFile; fileRef = 4354A8BC16FF400400F7A88F /* upnpactionresponse.h */; };
		4354A8D316FF400700F7A88F /* upnpavtransportservice.h in Headers */ = {isa = PBXBuildFile; fileRef = 4354A8BE16FF400400F7A88F /* upnpavtransportservice.h */; };
		4354A8D416FF400700F7A88F /* upnpavtransportservice.h in Headers */ = {isa = PBXBuildFile; fileRef = 4354A8BE16FF400400F7A88F /* upnpavtransportservice.h */; };
		4354A8D916FF400700F7A88F /* upnpconnectionmanagerservice.h in Headers */ = {isa = PBXBuildFile; fileRef = 4354A8C116FF400500F7A88F /* upnpconnectionmanagerservice.h */; };
		4354A8DA16FF400700F7A88F /* upnpconnectionmanagerservice.h in Headers */ = {isa = PBXBuildFile; fileRef = 4354A8C116FF400500F7A88F /* upnpconnectionmanagerservice.h */; };
		4354A8E116FF400700F7A88F /* upnpdeviceservice.h in Headers */ = {isa = PBXBuildFile; fileRef = 4354A8C516FF400500F7A88F /* upnpdeviceservice.h */; };
		4354A8E216FF400700F7A88F /* upnpdeviceservice.h in Headers */ = {isa = PBXBuildFile; fileRef = 4354A8C516FF400500F7A88F /* upnpdeviceservice.h */; };
		4354A8E316FF400700F7A88F /* upnpdeviceserviceexceptions.h in Headers */ = {isa = PBXBuildFile; fileRef = 4354A8C616FF400500F7A88F /* upnpdeviceserviceexceptions.h */; };
		4354A8E416FF400700F7A88F /* upnpdeviceserviceexceptions.h in Headers */ = {isa = PBXBuildFile; fileRef = 4354A8C616FF400500F7A88F /* upnpdeviceserviceexceptions.h */; };
		4354A8E516FF400700F7A88F /* upnplastchangevariable.h in Headers */ = {isa = PBXBuildFile; fileRef = 4354A8C716FF400600F7A88F /* upnplastchangevariable.h */; };
		4354A8E616FF400700F7A88F /* upnplastchangevariable.h in Headers */ = {isa = PBXBuildFile; fileRef = 4354A8C716FF400600F7A88F /* upnplastchangevariable.h */; };
		4354A8EB16FF400700F7A88F /* upnprenderingcontrolservice.h in Headers */ = {isa = PBXBuildFile; fileRef = 4354A8CA16FF400600F7A88F /* upnprenderingcontrolservice.h */; };
		4354A8EC16FF400700F7A88F /* upnprenderingcontrolservice.h in Headers */ = {isa = PBXBuildFile; fileRef = 4354A8CA16FF400600F7A88F /* upnprenderingcontrolservice.h */; };
		4354A8EF16FF400700F7A88F /* upnprootdevice.h in Headers */ = {isa = PBXBuildFile; fileRef = 4354A8CC16FF400600F7A88F /* upnprootdevice.h */; };
		4354A8F016FF400700F7A88F /* upnprootdevice.h in Headers */ = {isa = PBXBuildFile; fileRef = 4354A8CC16FF400600F7A88F /* upnprootdevice.h */; };
		4354A8F116FF400700F7A88F /* upnprootdeviceinterface.h in Headers */ = {isa = PBXBuildFile; fileRef = 4354A8CD16FF400600F7A88F /* upnprootdeviceinterface.h */; };
		4354A8F216FF400700F7A88F /* upnprootdeviceinterface.h in Headers */ = {isa = PBXBuildFile; fileRef = 4354A8CD16FF400600F7A88F /* upnprootdeviceinterface.h */; };
		4354A8F316FF400700F7A88F /* upnpservicevariable.h in Headers */ = {isa = PBXBuildFile; fileRef = 4354A8CE16FF400700F7A88F /* upnpservicevariable.h */; };
		4354A8F416FF400700F7A88F /* upnpservicevariable.h in Headers */ = {isa = PBXBuildFile; fileRef = 4354A8CE16FF400700F7A88F /* upnpservicevariable.h */; };
		4354A90016FF401700F7A88F /* upnpactionresponse.cpp in Sources */ = {isa = PBXBuildFile; fileRef = 4354A8F516FF401500F7A88F /* upnpactionresponse.cpp */; };
		4354A90116FF401700F7A88F /* upnpactionresponse.cpp in Sources */ = {isa = PBXBuildFile; fileRef = 4354A8F516FF401500F7A88F /* upnpactionresponse.cpp */; };
		4354A90216FF401700F7A88F /* upnpactionresponse.cpp in Sources */ = {isa = PBXBuildFile; fileRef = 4354A8F516FF401500F7A88F /* upnpactionresponse.cpp */; };
		4354A90616FF401700F7A88F /* upnpavtransportservice.cpp in Sources */ = {isa = PBXBuildFile; fileRef = 4354A8F716FF401500F7A88F /* upnpavtransportservice.cpp */; };
		4354A90716FF401700F7A88F /* upnpavtransportservice.cpp in Sources */ = {isa = PBXBuildFile; fileRef = 4354A8F716FF401500F7A88F /* upnpavtransportservice.cpp */; };
		4354A90816FF401700F7A88F /* upnpavtransportservice.cpp in Sources */ = {isa = PBXBuildFile; fileRef = 4354A8F716FF401500F7A88F /* upnpavtransportservice.cpp */; };
		4354A90C16FF401700F7A88F /* upnpconnectionmanagerservice.cpp in Sources */ = {isa = PBXBuildFile; fileRef = 4354A8F916FF401600F7A88F /* upnpconnectionmanagerservice.cpp */; };
		4354A90D16FF401700F7A88F /* upnpconnectionmanagerservice.cpp in Sources */ = {isa = PBXBuildFile; fileRef = 4354A8F916FF401600F7A88F /* upnpconnectionmanagerservice.cpp */; };
		4354A90E16FF401700F7A88F /* upnpconnectionmanagerservice.cpp in Sources */ = {isa = PBXBuildFile; fileRef = 4354A8F916FF401600F7A88F /* upnpconnectionmanagerservice.cpp */; };
		4354A91216FF401700F7A88F /* upnplastchangevariable.cpp in Sources */ = {isa = PBXBuildFile; fileRef = 4354A8FB16FF401600F7A88F /* upnplastchangevariable.cpp */; };
		4354A91316FF401700F7A88F /* upnplastchangevariable.cpp in Sources */ = {isa = PBXBuildFile; fileRef = 4354A8FB16FF401600F7A88F /* upnplastchangevariable.cpp */; };
		4354A91416FF401700F7A88F /* upnplastchangevariable.cpp in Sources */ = {isa = PBXBuildFile; fileRef = 4354A8FB16FF401600F7A88F /* upnplastchangevariable.cpp */; };
		4354A91B16FF401700F7A88F /* upnprenderingcontrolservice.cpp in Sources */ = {isa = PBXBuildFile; fileRef = 4354A8FE16FF401700F7A88F /* upnprenderingcontrolservice.cpp */; };
		4354A91C16FF401700F7A88F /* upnprenderingcontrolservice.cpp in Sources */ = {isa = PBXBuildFile; fileRef = 4354A8FE16FF401700F7A88F /* upnprenderingcontrolservice.cpp */; };
		4354A91D16FF401700F7A88F /* upnprenderingcontrolservice.cpp in Sources */ = {isa = PBXBuildFile; fileRef = 4354A8FE16FF401700F7A88F /* upnprenderingcontrolservice.cpp */; };
		4354A91E16FF401700F7A88F /* upnprootdevice.cpp in Sources */ = {isa = PBXBuildFile; fileRef = 4354A8FF16FF401700F7A88F /* upnprootdevice.cpp */; };
		4354A91F16FF401700F7A88F /* upnprootdevice.cpp in Sources */ = {isa = PBXBuildFile; fileRef = 4354A8FF16FF401700F7A88F /* upnprootdevice.cpp */; };
		4354A92016FF401700F7A88F /* upnprootdevice.cpp in Sources */ = {isa = PBXBuildFile; fileRef = 4354A8FF16FF401700F7A88F /* upnprootdevice.cpp */; };
		4357AEFB154C58C00021F9BE /* upnpprotocolinfo.cpp in Sources */ = {isa = PBXBuildFile; fileRef = 4357AEFA154C58C00021F9BE /* upnpprotocolinfo.cpp */; };
		4357AF04154C7C390021F9BE /* upnpmediarenderer.cpp in Sources */ = {isa = PBXBuildFile; fileRef = 4357AF03154C7C390021F9BE /* upnpmediarenderer.cpp */; };
		4357AF06154C81890021F9BE /* upnpxmlutils.cpp in Sources */ = {isa = PBXBuildFile; fileRef = 4357AF05154C81890021F9BE /* upnpxmlutils.cpp */; };
		4357AF0C154D30ED0021F9BE /* upnpmediaserver.cpp in Sources */ = {isa = PBXBuildFile; fileRef = 4357AF0B154D30ED0021F9BE /* upnpmediaserver.cpp */; };
		4387742C1B4DC8DE00E03CC2 /* upnpfactory.h in Headers */ = {isa = PBXBuildFile; fileRef = 4387742B1B4DC8DE00E03CC2 /* upnpfactory.h */; };
		4387742F1B4DC8F000E03CC2 /* upnpclient.h in Headers */ = {isa = PBXBuildFile; fileRef = 4387742D1B4DC8F000E03CC2 /* upnpclient.h */; };
		438774301B4DC8F000E03CC2 /* upnpclient.h in Headers */ = {isa = PBXBuildFile; fileRef = 4387742D1B4DC8F000E03CC2 /* upnpclient.h */; };
		43888C8A1A75A3EA00778222 /* upnpclientmock.h in Headers */ = {isa = PBXBuildFile; fileRef = 43888C891A75A3EA00778222 /* upnpclientmock.h */; };
		438A7A48150E9B1F0093A521 /* upnpcontrolpoint.cpp in Sources */ = {isa = PBXBuildFile; fileRef = 438A7A42150E9B1F0093A521 /* upnpcontrolpoint.cpp */; };
		438A7A4B150E9B1F0093A521 /* upnpitem.cpp in Sources */ = {isa = PBXBuildFile; fileRef = 438A7A45150E9B1F0093A521 /* upnpitem.cpp */; };
		438A7A56150E9B300093A521 /* upnpcontrolpoint.h in Headers */ = {isa = PBXBuildFile; fileRef = 438A7A4F150E9B300093A521 /* upnpcontrolpoint.h */; };
		438A7A57150E9B300093A521 /* upnpdevice.h in Headers */ = {isa = PBXBuildFile; fileRef = 438A7A50150E9B300093A521 /* upnpdevice.h */; };
		438A7A5A150E9B300093A521 /* upnpitem.h in Headers */ = {isa = PBXBuildFile; fileRef = 438A7A53150E9B300093A521 /* upnpitem.h */; };
		43A6156A1CD4AB8C00FE1F8B /* upnp.avtransport.client.h in Headers */ = {isa = PBXBuildFile; fileRef = 43A6155F1CD4AB8C00FE1F8B /* upnp.avtransport.client.h */; };
		43A6156B1CD4AB8C00FE1F8B /* upnp.avtransport.types.h in Headers */ = {isa = PBXBuildFile; fileRef = 43A615601CD4AB8C00FE1F8B /* upnp.avtransport.types.h */; };
		43A6156C1CD4AB8C00FE1F8B /* upnp.clientinterface.h in Headers */ = {isa = PBXBuildFile; fileRef = 43A615611CD4AB8C00FE1F8B /* upnp.clientinterface.h */; };
		43A6156D1CD4AB8C00FE1F8B /* upnp.connectionmanager.client.h in Headers */ = {isa = PBXBuildFile; fileRef = 43A615621CD4AB8C00FE1F8B /* upnp.connectionmanager.client.h */; };
		43A6156E1CD4AB8C00FE1F8B /* upnp.connectionmanager.types.h in Headers */ = {isa = PBXBuildFile; fileRef = 43A615631CD4AB8C00FE1F8B /* upnp.connectionmanager.types.h */; };
		43A6156F1CD4AB8C00FE1F8B /* upnp.contentdirectory.client.h in Headers */ = {isa = PBXBuildFile; fileRef = 43A615641CD4AB8C00FE1F8B /* upnp.contentdirectory.client.h */; };
		43A615701CD4AB8C00FE1F8B /* upnp.contentdirectory.types.h in Headers */ = {isa = PBXBuildFile; fileRef = 43A615651CD4AB8C00FE1F8B /* upnp.contentdirectory.types.h */; };
		43A615711CD4AB8C00FE1F8B /* upnp.dlna.info.h in Headers */ = {isa = PBXBuildFile; fileRef = 43A615661CD4AB8C00FE1F8B /* upnp.dlna.info.h */; };
		43A615721CD4AB8C00FE1F8B /* upnp.factory.h in Headers */ = {isa = PBXBuildFile; fileRef = 43A615671CD4AB8C00FE1F8B /* upnp.factory.h */; };
		43A615731CD4AB8C00FE1F8B /* upnp.renderingcontrol.client.h in Headers */ = {isa = PBXBuildFile; fileRef = 43A615681CD4AB8C00FE1F8B /* upnp.renderingcontrol.client.h */; };
		43A615741CD4AB8C00FE1F8B /* upnp.renderingcontrol.types.h in Headers */ = {isa = PBXBuildFile; fileRef = 43A615691CD4AB8C00FE1F8B /* upnp.renderingcontrol.types.h */; };
		43A615891CD4ABA800FE1F8B /* rapidxml_print.hpp in Headers */ = {isa = PBXBuildFile; fileRef = 43A615751CD4ABA800FE1F8B /* rapidxml_print.hpp */; };
		43A6158A1CD4ABA800FE1F8B /* rapidxml.hpp in Headers */ = {isa = PBXBuildFile; fileRef = 43A615761CD4ABA800FE1F8B /* rapidxml.hpp */; };
		43A6158B1CD4ABA800FE1F8B /* upnp.avtransport.client.cpp in Sources */ = {isa = PBXBuildFile; fileRef = 43A615771CD4ABA800FE1F8B /* upnp.avtransport.client.cpp */; };
		43A6158C1CD4ABA800FE1F8B /* upnp.avtransport.typeconversions.cpp in Sources */ = {isa = PBXBuildFile; fileRef = 43A615781CD4ABA800FE1F8B /* upnp.avtransport.typeconversions.cpp */; };
		43A6158D1CD4ABA800FE1F8B /* upnp.avtransport.typeconversions.h in Headers */ = {isa = PBXBuildFile; fileRef = 43A615791CD4ABA800FE1F8B /* upnp.avtransport.typeconversions.h */; };
		43A6158E1CD4ABA800FE1F8B /* upnp.client.h in Headers */ = {isa = PBXBuildFile; fileRef = 43A6157A1CD4ABA800FE1F8B /* upnp.client.h */; };
		43A6158F1CD4ABA800FE1F8B /* upnp.connectionmanager.client.cpp in Sources */ = {isa = PBXBuildFile; fileRef = 43A6157B1CD4ABA800FE1F8B /* upnp.connectionmanager.client.cpp */; };
		43A615901CD4ABA800FE1F8B /* upnp.connectionmanager.typeconversions.cpp in Sources */ = {isa = PBXBuildFile; fileRef = 43A6157C1CD4ABA800FE1F8B /* upnp.connectionmanager.typeconversions.cpp */; };
		43A615911CD4ABA800FE1F8B /* upnp.connectionmanager.typeconversions.h in Headers */ = {isa = PBXBuildFile; fileRef = 43A6157D1CD4ABA800FE1F8B /* upnp.connectionmanager.typeconversions.h */; };
		43A615921CD4ABA800FE1F8B /* upnp.contentdirectory.client.cpp in Sources */ = {isa = PBXBuildFile; fileRef = 43A6157E1CD4ABA800FE1F8B /* upnp.contentdirectory.client.cpp */; };
		43A615931CD4ABA800FE1F8B /* upnp.contentdirectory.typeconversions.cpp in Sources */ = {isa = PBXBuildFile; fileRef = 43A6157F1CD4ABA800FE1F8B /* upnp.contentdirectory.typeconversions.cpp */; };
		43A615941CD4ABA800FE1F8B /* upnp.contentdirectory.typeconversions.h in Headers */ = {isa = PBXBuildFile; fileRef = 43A615801CD4ABA800FE1F8B /* upnp.contentdirectory.typeconversions.h */; };
		43A615951CD4ABA800FE1F8B /* upnp.dlna.info.cpp in Sources */ = {isa = PBXBuildFile; fileRef = 43A615811CD4ABA800FE1F8B /* upnp.dlna.info.cpp */; };
		43A615961CD4ABA800FE1F8B /* upnp.enumutils.h in Headers */ = {isa = PBXBuildFile; fileRef = 43A615821CD4ABA800FE1F8B /* upnp.enumutils.h */; };
		43A615971CD4ABA800FE1F8B /* upnp.factory.cpp in Sources */ = {isa = PBXBuildFile; fileRef = 43A615831CD4ABA800FE1F8B /* upnp.factory.cpp */; };
		43A615981CD4ABA800FE1F8B /* upnp.renderingcontrol.client.cpp in Sources */ = {isa = PBXBuildFile; fileRef = 43A615841CD4ABA800FE1F8B /* upnp.renderingcontrol.client.cpp */; };
		43A615991CD4ABA800FE1F8B /* upnp.renderingcontrol.typeconversions.cpp in Sources */ = {isa = PBXBuildFile; fileRef = 43A615851CD4ABA800FE1F8B /* upnp.renderingcontrol.typeconversions.cpp */; };
		43A6159A1CD4ABA800FE1F8B /* upnp.renderingcontrol.typeconversions.h in Headers */ = {isa = PBXBuildFile; fileRef = 43A615861CD4ABA800FE1F8B /* upnp.renderingcontrol.typeconversions.h */; };
		43A6159C1CD4ABA800FE1F8B /* upnptypes.cpp in Sources */ = {isa = PBXBuildFile; fileRef = 43A615881CD4ABA800FE1F8B /* upnptypes.cpp */; };
		43AECDBA1CC2B0AF00C47341 /* upnp.action.h in Headers */ = {isa = PBXBuildFile; fileRef = 43AECDAF1CC2B0AF00C47341 /* upnp.action.h */; };
		43AECDBB1CC2B0AF00C47341 /* upnp.client.h in Headers */ = {isa = PBXBuildFile; fileRef = 43AECDB01CC2B0AF00C47341 /* upnp.client.h */; };
		43AECDBC1CC2B0AF00C47341 /* upnp.devicescanner.h in Headers */ = {isa = PBXBuildFile; fileRef = 43AECDB11CC2B0AF00C47341 /* upnp.devicescanner.h */; };
		43AECDBD1CC2B0AF00C47341 /* upnp.flags.h in Headers */ = {isa = PBXBuildFile; fileRef = 43AECDB21CC2B0AF00C47341 /* upnp.flags.h */; };
		43AECDBE1CC2B0AF00C47341 /* upnp.http.client.h in Headers */ = {isa = PBXBuildFile; fileRef = 43AECDB31CC2B0AF00C47341 /* upnp.http.client.h */; };
		43AECDBF1CC2B0AF00C47341 /* upnp.http.server.h in Headers */ = {isa = PBXBuildFile; fileRef = 43AECDB41CC2B0AF00C47341 /* upnp.http.server.h */; };
		43AECDC01CC2B0AF00C47341 /* upnp.ssdp.client.h in Headers */ = {isa = PBXBuildFile; fileRef = 43AECDB51CC2B0AF00C47341 /* upnp.ssdp.client.h */; };
		43AECDC11CC2B0AF00C47341 /* upnp.types.h in Headers */ = {isa = PBXBuildFile; fileRef = 43AECDB61CC2B0AF00C47341 /* upnp.types.h */; };
		43AECDC21CC2B0AF00C47341 /* upnp.uv.h in Headers */ = {isa = PBXBuildFile; fileRef = 43AECDB71CC2B0AF00C47341 /* upnp.uv.h */; };
		43AECDC31CC2B0AF00C47341 /* upnp.xml.parseutils.h in Headers */ = {isa = PBXBuildFile; fileRef = 43AECDB81CC2B0AF00C47341 /* upnp.xml.parseutils.h */; };
		43AECDC41CC2B0AF00C47341 /* upnpssdpserver.h in Headers */ = {isa = PBXBuildFile; fileRef = 43AECDB91CC2B0AF00C47341 /* upnpssdpserver.h */; };
		43AECDD61CC2B0CB00C47341 /* http_parser.cpp in Sources */ = {isa = PBXBuildFile; fileRef = 43AECDC51CC2B0CB00C47341 /* http_parser.cpp */; };
		43AECDD71CC2B0CB00C47341 /* http_parser.h in Headers */ = {isa = PBXBuildFile; fileRef = 43AECDC61CC2B0CB00C47341 /* http_parser.h */; };
		43AECDD81CC2B0CB00C47341 /* upnp.action.cpp in Sources */ = {isa = PBXBuildFile; fileRef = 43AECDC71CC2B0CB00C47341 /* upnp.action.cpp */; };
		43AECDD91CC2B0CB00C47341 /* upnp.client.cpp in Sources */ = {isa = PBXBuildFile; fileRef = 43AECDC81CC2B0CB00C47341 /* upnp.client.cpp */; };
		43AECDDA1CC2B0CB00C47341 /* upnp.devicescanner.cpp in Sources */ = {isa = PBXBuildFile; fileRef = 43AECDC91CC2B0CB00C47341 /* upnp.devicescanner.cpp */; };
		43AECDDB1CC2B0CB00C47341 /* upnp.gena.server.cpp in Sources */ = {isa = PBXBuildFile; fileRef = 43AECDCA1CC2B0CB00C47341 /* upnp.gena.server.cpp */; };
		43AECDDC1CC2B0CB00C47341 /* upnp.gena.server.h in Headers */ = {isa = PBXBuildFile; fileRef = 43AECDCB1CC2B0CB00C47341 /* upnp.gena.server.h */; };
		43AECDDD1CC2B0CB00C47341 /* upnp.http.client.cpp in Sources */ = {isa = PBXBuildFile; fileRef = 43AECDCC1CC2B0CB00C47341 /* upnp.http.client.cpp */; };
		43AECDDE1CC2B0CB00C47341 /* upnp.http.parser.h in Headers */ = {isa = PBXBuildFile; fileRef = 43AECDCD1CC2B0CB00C47341 /* upnp.http.parser.h */; };
		43AECDDF1CC2B0CB00C47341 /* upnp.http.server.cpp in Sources */ = {isa = PBXBuildFile; fileRef = 43AECDCE1CC2B0CB00C47341 /* upnp.http.server.cpp */; };
		43AECDE01CC2B0CB00C47341 /* upnp.soap.parseutils.h in Headers */ = {isa = PBXBuildFile; fileRef = 43AECDCF1CC2B0CB00C47341 /* upnp.soap.parseutils.h */; };
		43AECDE11CC2B0CB00C47341 /* upnp.ssdp.client.cpp in Sources */ = {isa = PBXBuildFile; fileRef = 43AECDD01CC2B0CB00C47341 /* upnp.ssdp.client.cpp */; };
		43AECDE21CC2B0CB00C47341 /* upnp.ssdp.parseutils.h in Headers */ = {isa = PBXBuildFile; fileRef = 43AECDD11CC2B0CB00C47341 /* upnp.ssdp.parseutils.h */; };
		43AECDE31CC2B0CB00C47341 /* upnp.xml.parseutils.cpp in Sources */ = {isa = PBXBuildFile; fileRef = 43AECDD21CC2B0CB00C47341 /* upnp.xml.parseutils.cpp */; };
		43AECDE51CC2B0CB00C47341 /* URI.cpp in Sources */ = {isa = PBXBuildFile; fileRef = 43AECDD41CC2B0CB00C47341 /* URI.cpp */; };
		43AECDE61CC2B0CB00C47341 /* URI.h in Headers */ = {isa = PBXBuildFile; fileRef = 43AECDD51CC2B0CB00C47341 /* URI.h */; };
		43CD846717072E6A00C5B1AB /* upnphttpclient.h in Headers */ = {isa = PBXBuildFile; fileRef = 43CD846517072E6A00C5B1AB /* upnphttpclient.h */; };
		43CD846817072E6A00C5B1AB /* upnphttpreader.h in Headers */ = {isa = PBXBuildFile; fileRef = 43CD846617072E6A00C5B1AB /* upnphttpreader.h */; };
		43CD846B17072E7C00C5B1AB /* upnphttpclient.cpp in Sources */ = {isa = PBXBuildFile; fileRef = 43CD846917072E7C00C5B1AB /* upnphttpclient.cpp */; };
		43CD846C17072E7C00C5B1AB /* upnphttpreader.cpp in Sources */ = {isa = PBXBuildFile; fileRef = 43CD846A17072E7C00C5B1AB /* upnphttpreader.cpp */; };
		43CD846E1709815100C5B1AB /* webservertest.cpp in Sources */ = {isa = PBXBuildFile; fileRef = 43CD846D1709815100C5B1AB /* webservertest.cpp */; };
		43CD8474170989E100C5B1AB /* upnphttpclient.cpp in Sources */ = {isa = PBXBuildFile; fileRef = 43CD846917072E7C00C5B1AB /* upnphttpclient.cpp */; };
		43CD8475170989E100C5B1AB /* upnphttpreader.cpp in Sources */ = {isa = PBXBuildFile; fileRef = 43CD846A17072E7C00C5B1AB /* upnphttpreader.cpp */; };
		43F157C1155EED0C00B6F8B0 /* upnpwebserver.cpp in Sources */ = {isa = PBXBuildFile; fileRef = 43F157C0155EED0C00B6F8B0 /* upnpwebserver.cpp */; };
/* End PBXBuildFile section */

/* Begin PBXContainerItemProxy section */
		4303F218161216C30057A64C /* PBXContainerItemProxy */ = {
			isa = PBXContainerItemProxy;
			containerPortal = 4341AB2D1387B66600297297 /* Project object */;
			proxyType = 1;
			remoteGlobalIDString = 4303F1F7161216A80057A64C;
			remoteInfo = UPnPFrameworkNative;
		};
/* End PBXContainerItemProxy section */

/* Begin PBXCopyFilesBuildPhase section */
		4303F15A1612080E0057A64C /* CopyFiles */ = {
			isa = PBXCopyFilesBuildPhase;
			buildActionMask = 2147483647;
			dstPath = /usr/share/man/man1/;
			dstSubfolderSpec = 0;
			files = (
			);
			runOnlyForDeploymentPostprocessing = 1;
		};
		4303F213161216A80057A64C /* CopyFiles */ = {
			isa = PBXCopyFilesBuildPhase;
			buildActionMask = 2147483647;
			dstPath = "";
			dstSubfolderSpec = 11;
			files = (
			);
			runOnlyForDeploymentPostprocessing = 0;
		};
		43B0FD01138D9445002DD709 /* CopyFiles */ = {
			isa = PBXCopyFilesBuildPhase;
			buildActionMask = 2147483647;
			dstPath = "";
			dstSubfolderSpec = 11;
			files = (
			);
			runOnlyForDeploymentPostprocessing = 0;
		};
/* End PBXCopyFilesBuildPhase section */

/* Begin PBXFileReference section */
		4303F15C1612080E0057A64C /* UPnPUnitTests */ = {isa = PBXFileReference; explicitFileType = "compiled.mach-o.executable"; includeInIndex = 0; path = UPnPUnitTests; sourceTree = BUILT_PRODUCTS_DIR; };
		4303F188161208630057A64C /* main.cpp */ = {isa = PBXFileReference; fileEncoding = 4; lastKnownFileType = sourcecode.cpp.cpp; name = main.cpp; path = test/main.cpp; sourceTree = SOURCE_ROOT; };
		4303F189161208630057A64C /* testutils.h */ = {isa = PBXFileReference; fileEncoding = 4; lastKnownFileType = sourcecode.c.h; name = testutils.h; path = test/testutils.h; sourceTree = SOURCE_ROOT; };
		4303F18A161208630057A64C /* xmlutilstest.cpp */ = {isa = PBXFileReference; fileEncoding = 4; lastKnownFileType = sourcecode.cpp.cpp; name = xmlutilstest.cpp; path = test/xmlutilstest.cpp; sourceTree = SOURCE_ROOT; };
		4303F217161216A80057A64C /* libUPnPFrameworkNative.a */ = {isa = PBXFileReference; explicitFileType = archive.ar; includeInIndex = 0; path = libUPnPFrameworkNative.a; sourceTree = BUILT_PRODUCTS_DIR; };
		43245E0819E91F220045356D /* upnpcontentdirectoryservice.h */ = {isa = PBXFileReference; fileEncoding = 4; lastKnownFileType = sourcecode.c.h; path = upnpcontentdirectoryservice.h; sourceTree = "<group>"; };
		43245E0919E91F220045356D /* upnpfwd.h */ = {isa = PBXFileReference; fileEncoding = 4; lastKnownFileType = sourcecode.c.h; path = upnpfwd.h; sourceTree = "<group>"; };
		43245E0A19E91F220045356D /* upnphttpreaderbuilder.h */ = {isa = PBXFileReference; fileEncoding = 4; lastKnownFileType = sourcecode.c.h; path = upnphttpreaderbuilder.h; sourceTree = "<group>"; };
		43245E0B19E91F220045356D /* upnpserviceclientbase.h */ = {isa = PBXFileReference; fileEncoding = 4; lastKnownFileType = sourcecode.c.h; path = upnpserviceclientbase.h; sourceTree = "<group>"; };
		43245E1019E91F3C0045356D /* upnpcontentdirectoryservice.cpp */ = {isa = PBXFileReference; fileEncoding = 4; lastKnownFileType = sourcecode.cpp.cpp; name = upnpcontentdirectoryservice.cpp; path = src/upnpcontentdirectoryservice.cpp; sourceTree = SOURCE_ROOT; };
		432C62B4154EEA2900068315 /* upnpclient.cpp */ = {isa = PBXFileReference; fileEncoding = 4; lastKnownFileType = sourcecode.cpp.cpp; name = upnpclient.cpp; path = src/upnpclient.cpp; sourceTree = "<group>"; };
		433AE1F51CD6788A00BD3819 /* upnp.actiontest.cpp */ = {isa = PBXFileReference; fileEncoding = 4; lastKnownFileType = sourcecode.cpp.cpp; name = upnp.actiontest.cpp; path = test/upnp.actiontest.cpp; sourceTree = "<group>"; };
		433AE1F61CD6788A00BD3819 /* upnp.avtransportclienttest.cpp */ = {isa = PBXFileReference; fileEncoding = 4; lastKnownFileType = sourcecode.cpp.cpp; name = upnp.avtransportclienttest.cpp; path = test/upnp.avtransportclienttest.cpp; sourceTree = "<group>"; };
		433AE1F71CD6788A00BD3819 /* upnp.clienttest.cpp */ = {isa = PBXFileReference; fileEncoding = 4; lastKnownFileType = sourcecode.cpp.cpp; name = upnp.clienttest.cpp; path = test/upnp.clienttest.cpp; sourceTree = "<group>"; };
		433AE1F81CD6788A00BD3819 /* upnp.connectionmanagerclienttest.cpp */ = {isa = PBXFileReference; fileEncoding = 4; lastKnownFileType = sourcecode.cpp.cpp; name = upnp.connectionmanagerclienttest.cpp; path = test/upnp.connectionmanagerclienttest.cpp; sourceTree = "<group>"; };
		433AE1F91CD6788A00BD3819 /* upnp.contentdirectoryclienttest.cpp */ = {isa = PBXFileReference; fileEncoding = 4; lastKnownFileType = sourcecode.cpp.cpp; name = upnp.contentdirectoryclienttest.cpp; path = test/upnp.contentdirectoryclienttest.cpp; sourceTree = "<group>"; };
		433AE1FA1CD6788A00BD3819 /* upnp.devicescannertest.cpp */ = {isa = PBXFileReference; fileEncoding = 4; lastKnownFileType = sourcecode.cpp.cpp; name = upnp.devicescannertest.cpp; path = test/upnp.devicescannertest.cpp; sourceTree = "<group>"; };
		433AE1FB1CD6788A00BD3819 /* upnp.gena.servertest.cpp */ = {isa = PBXFileReference; fileEncoding = 4; lastKnownFileType = sourcecode.cpp.cpp; name = upnp.gena.servertest.cpp; path = test/upnp.gena.servertest.cpp; sourceTree = "<group>"; };
		433AE1FC1CD6788A00BD3819 /* upnp.http.clienttest.cpp */ = {isa = PBXFileReference; fileEncoding = 4; lastKnownFileType = sourcecode.cpp.cpp; name = upnp.http.clienttest.cpp; path = test/upnp.http.clienttest.cpp; sourceTree = "<group>"; };
		433AE1FD1CD6788A00BD3819 /* upnp.http.parsertest.cpp */ = {isa = PBXFileReference; fileEncoding = 4; lastKnownFileType = sourcecode.cpp.cpp; name = upnp.http.parsertest.cpp; path = test/upnp.http.parsertest.cpp; sourceTree = "<group>"; };
		433AE1FE1CD6788A00BD3819 /* upnp.mediarenderertest.cpp */ = {isa = PBXFileReference; fileEncoding = 4; lastKnownFileType = sourcecode.cpp.cpp; name = upnp.mediarenderertest.cpp; path = test/upnp.mediarenderertest.cpp; sourceTree = "<group>"; };
		433AE1FF1CD6788A00BD3819 /* upnp.renderingcontrolclienttest.cpp */ = {isa = PBXFileReference; fileEncoding = 4; lastKnownFileType = sourcecode.cpp.cpp; name = upnp.renderingcontrolclienttest.cpp; path = test/upnp.renderingcontrolclienttest.cpp; sourceTree = "<group>"; };
		433AE2001CD6788A00BD3819 /* upnp.serviceclienttestbase.h */ = {isa = PBXFileReference; fileEncoding = 4; lastKnownFileType = sourcecode.c.h; name = upnp.serviceclienttestbase.h; path = test/upnp.serviceclienttestbase.h; sourceTree = "<group>"; };
		433AE2011CD6788A00BD3819 /* upnp.soap.parseutilstest.cpp */ = {isa = PBXFileReference; fileEncoding = 4; lastKnownFileType = sourcecode.cpp.cpp; name = upnp.soap.parseutilstest.cpp; path = test/upnp.soap.parseutilstest.cpp; sourceTree = "<group>"; };
		433AE2021CD6788A00BD3819 /* upnp.ssdp.clienttest.cpp */ = {isa = PBXFileReference; fileEncoding = 4; lastKnownFileType = sourcecode.cpp.cpp; name = upnp.ssdp.clienttest.cpp; path = test/upnp.ssdp.clienttest.cpp; sourceTree = "<group>"; };
		433AE2031CD6788A00BD3819 /* upnp.ssdp.test.cpp */ = {isa = PBXFileReference; fileEncoding = 4; lastKnownFileType = sourcecode.cpp.cpp; name = upnp.ssdp.test.cpp; path = test/upnp.ssdp.test.cpp; sourceTree = "<group>"; };
		433AE2041CD6788A00BD3819 /* upnp.utilstest.cpp */ = {isa = PBXFileReference; fileEncoding = 4; lastKnownFileType = sourcecode.cpp.cpp; name = upnp.utilstest.cpp; path = test/upnp.utilstest.cpp; sourceTree = "<group>"; };
		433AE2051CD6788A00BD3819 /* upnp.uvtest.cpp */ = {isa = PBXFileReference; fileEncoding = 4; lastKnownFileType = sourcecode.cpp.cpp; name = upnp.uvtest.cpp; path = test/upnp.uvtest.cpp; sourceTree = "<group>"; };
		433AE2071CD6788A00BD3819 /* upnp.xml.parseutilstest.cpp */ = {isa = PBXFileReference; fileEncoding = 4; lastKnownFileType = sourcecode.cpp.cpp; name = upnp.xml.parseutilstest.cpp; path = test/upnp.xml.parseutilstest.cpp; sourceTree = "<group>"; };
		4341926F1750AC2700418227 /* upnpxml.h */ = {isa = PBXFileReference; fileEncoding = 4; lastKnownFileType = sourcecode.c.h; path = upnpxml.h; sourceTree = "<group>"; };
		434192721750AC3800418227 /* upnpxml.cpp */ = {isa = PBXFileReference; fileEncoding = 4; lastKnownFileType = sourcecode.cpp.cpp; name = upnpxml.cpp; path = src/upnpxml.cpp; sourceTree = SOURCE_ROOT; };
		4341AB361387B66600297297 /* libUPnPFramework.a */ = {isa = PBXFileReference; explicitFileType = archive.ar; includeInIndex = 0; path = libUPnPFramework.a; sourceTree = BUILT_PRODUCTS_DIR; };
		434203AE1633E1AC0058A49A /* devicediscover.h */ = {isa = PBXFileReference; fileEncoding = 4; lastKnownFileType = sourcecode.c.h; name = devicediscover.h; path = test/devicediscover.h; sourceTree = "<group>"; };
		434203B11633E1AC0058A49A /* testenvironment.h */ = {isa = PBXFileReference; fileEncoding = 4; lastKnownFileType = sourcecode.c.h; name = testenvironment.h; path = test/testenvironment.h; sourceTree = "<group>"; };
		434203B81633E5490058A49A /* eventlistenermock.h */ = {isa = PBXFileReference; fileEncoding = 4; lastKnownFileType = sourcecode.c.h; name = eventlistenermock.h; path = test/eventlistenermock.h; sourceTree = SOURCE_ROOT; };
		434203B91633E55F0058A49A /* testxmls.h */ = {isa = PBXFileReference; fileEncoding = 4; lastKnownFileType = sourcecode.c.h; name = testxmls.h; path = test/testxmls.h; sourceTree = "<group>"; };
		434203BD1633E55F0058A49A /* upnpobjectprinter.h */ = {isa = PBXFileReference; fileEncoding = 4; lastKnownFileType = sourcecode.c.h; name = upnpobjectprinter.h; path = test/upnpobjectprinter.h; sourceTree = "<group>"; };
		4354A8BC16FF400400F7A88F /* upnpactionresponse.h */ = {isa = PBXFileReference; fileEncoding = 4; lastKnownFileType = sourcecode.c.h; path = upnpactionresponse.h; sourceTree = "<group>"; };
		4354A8BE16FF400400F7A88F /* upnpavtransportservice.h */ = {isa = PBXFileReference; fileEncoding = 4; lastKnownFileType = sourcecode.c.h; path = upnpavtransportservice.h; sourceTree = "<group>"; };
		4354A8C116FF400500F7A88F /* upnpconnectionmanagerservice.h */ = {isa = PBXFileReference; fileEncoding = 4; lastKnownFileType = sourcecode.c.h; path = upnpconnectionmanagerservice.h; sourceTree = "<group>"; };
		4354A8C516FF400500F7A88F /* upnpdeviceservice.h */ = {isa = PBXFileReference; fileEncoding = 4; lastKnownFileType = sourcecode.c.h; path = upnpdeviceservice.h; sourceTree = "<group>"; };
		4354A8C616FF400500F7A88F /* upnpdeviceserviceexceptions.h */ = {isa = PBXFileReference; fileEncoding = 4; lastKnownFileType = sourcecode.c.h; path = upnpdeviceserviceexceptions.h; sourceTree = "<group>"; };
		4354A8C716FF400600F7A88F /* upnplastchangevariable.h */ = {isa = PBXFileReference; fileEncoding = 4; lastKnownFileType = sourcecode.c.h; path = upnplastchangevariable.h; sourceTree = "<group>"; };
		4354A8CA16FF400600F7A88F /* upnprenderingcontrolservice.h */ = {isa = PBXFileReference; fileEncoding = 4; lastKnownFileType = sourcecode.c.h; path = upnprenderingcontrolservice.h; sourceTree = "<group>"; };
		4354A8CC16FF400600F7A88F /* upnprootdevice.h */ = {isa = PBXFileReference; fileEncoding = 4; lastKnownFileType = sourcecode.c.h; path = upnprootdevice.h; sourceTree = "<group>"; };
		4354A8CD16FF400600F7A88F /* upnprootdeviceinterface.h */ = {isa = PBXFileReference; fileEncoding = 4; lastKnownFileType = sourcecode.c.h; path = upnprootdeviceinterface.h; sourceTree = "<group>"; };
		4354A8CE16FF400700F7A88F /* upnpservicevariable.h */ = {isa = PBXFileReference; fileEncoding = 4; lastKnownFileType = sourcecode.c.h; path = upnpservicevariable.h; sourceTree = "<group>"; };
		4354A8F516FF401500F7A88F /* upnpactionresponse.cpp */ = {isa = PBXFileReference; fileEncoding = 4; lastKnownFileType = sourcecode.cpp.cpp; name = upnpactionresponse.cpp; path = src/upnpactionresponse.cpp; sourceTree = "<group>"; };
		4354A8F716FF401500F7A88F /* upnpavtransportservice.cpp */ = {isa = PBXFileReference; fileEncoding = 4; lastKnownFileType = sourcecode.cpp.cpp; name = upnpavtransportservice.cpp; path = src/upnpavtransportservice.cpp; sourceTree = "<group>"; };
		4354A8F916FF401600F7A88F /* upnpconnectionmanagerservice.cpp */ = {isa = PBXFileReference; fileEncoding = 4; lastKnownFileType = sourcecode.cpp.cpp; name = upnpconnectionmanagerservice.cpp; path = src/upnpconnectionmanagerservice.cpp; sourceTree = "<group>"; };
		4354A8FB16FF401600F7A88F /* upnplastchangevariable.cpp */ = {isa = PBXFileReference; fileEncoding = 4; lastKnownFileType = sourcecode.cpp.cpp; name = upnplastchangevariable.cpp; path = src/upnplastchangevariable.cpp; sourceTree = "<group>"; };
		4354A8FE16FF401700F7A88F /* upnprenderingcontrolservice.cpp */ = {isa = PBXFileReference; fileEncoding = 4; lastKnownFileType = sourcecode.cpp.cpp; name = upnprenderingcontrolservice.cpp; path = src/upnprenderingcontrolservice.cpp; sourceTree = "<group>"; };
		4354A8FF16FF401700F7A88F /* upnprootdevice.cpp */ = {isa = PBXFileReference; fileEncoding = 4; lastKnownFileType = sourcecode.cpp.cpp; name = upnprootdevice.cpp; path = src/upnprootdevice.cpp; sourceTree = "<group>"; };
		4356541A16137C1800868D6B /* upnpclientinterface.h */ = {isa = PBXFileReference; lastKnownFileType = sourcecode.c.h; path = upnpclientinterface.h; sourceTree = "<group>"; };
		4357AEF8154C07540021F9BE /* upnputils.h */ = {isa = PBXFileReference; lastKnownFileType = sourcecode.c.h; path = upnputils.h; sourceTree = "<group>"; };
		4357AEF9154C58AF0021F9BE /* upnpprotocolinfo.h */ = {isa = PBXFileReference; lastKnownFileType = sourcecode.c.h; path = upnpprotocolinfo.h; sourceTree = "<group>"; };
		4357AEFA154C58C00021F9BE /* upnpprotocolinfo.cpp */ = {isa = PBXFileReference; fileEncoding = 4; lastKnownFileType = sourcecode.cpp.cpp; name = upnpprotocolinfo.cpp; path = src/upnpprotocolinfo.cpp; sourceTree = "<group>"; };
		4357AEFF154C78D00021F9BE /* upnpxmlutils.h */ = {isa = PBXFileReference; lastKnownFileType = sourcecode.c.h; path = upnpxmlutils.h; sourceTree = "<group>"; };
		4357AF02154C7C1C0021F9BE /* upnpmediarenderer.h */ = {isa = PBXFileReference; lastKnownFileType = sourcecode.c.h; path = upnpmediarenderer.h; sourceTree = "<group>"; };
		4357AF03154C7C390021F9BE /* upnpmediarenderer.cpp */ = {isa = PBXFileReference; fileEncoding = 4; lastKnownFileType = sourcecode.cpp.cpp; name = upnpmediarenderer.cpp; path = src/upnpmediarenderer.cpp; sourceTree = "<group>"; };
		4357AF05154C81890021F9BE /* upnpxmlutils.cpp */ = {isa = PBXFileReference; fileEncoding = 4; lastKnownFileType = sourcecode.cpp.cpp; name = upnpxmlutils.cpp; path = src/upnpxmlutils.cpp; sourceTree = "<group>"; };
		4357AF0A154D30DF0021F9BE /* upnpmediaserver.h */ = {isa = PBXFileReference; lastKnownFileType = sourcecode.c.h; path = upnpmediaserver.h; sourceTree = "<group>"; };
		4357AF0B154D30ED0021F9BE /* upnpmediaserver.cpp */ = {isa = PBXFileReference; fileEncoding = 4; lastKnownFileType = sourcecode.cpp.cpp; name = upnpmediaserver.cpp; path = src/upnpmediaserver.cpp; sourceTree = "<group>"; };
		4357AF0D154D58570021F9BE /* upnptypes.h */ = {isa = PBXFileReference; lastKnownFileType = sourcecode.c.h; path = upnptypes.h; sourceTree = "<group>"; };
		4387742B1B4DC8DE00E03CC2 /* upnpfactory.h */ = {isa = PBXFileReference; fileEncoding = 4; lastKnownFileType = sourcecode.c.h; path = upnpfactory.h; sourceTree = "<group>"; };
		4387742D1B4DC8F000E03CC2 /* upnpclient.h */ = {isa = PBXFileReference; fileEncoding = 4; lastKnownFileType = sourcecode.c.h; name = upnpclient.h; path = src/upnpclient.h; sourceTree = "<group>"; };
		43888C891A75A3EA00778222 /* upnpclientmock.h */ = {isa = PBXFileReference; fileEncoding = 4; lastKnownFileType = sourcecode.c.h; name = upnpclientmock.h; path = test/upnpclientmock.h; sourceTree = SOURCE_ROOT; };
		438A0265160DF89B00045136 /* upnpstatevariable.h */ = {isa = PBXFileReference; lastKnownFileType = sourcecode.c.h; path = upnpstatevariable.h; sourceTree = "<group>"; };
		438A7A42150E9B1F0093A521 /* upnpcontrolpoint.cpp */ = {isa = PBXFileReference; fileEncoding = 4; lastKnownFileType = sourcecode.cpp.cpp; name = upnpcontrolpoint.cpp; path = src/upnpcontrolpoint.cpp; sourceTree = "<group>"; };
		438A7A45150E9B1F0093A521 /* upnpitem.cpp */ = {isa = PBXFileReference; fileEncoding = 4; lastKnownFileType = sourcecode.cpp.cpp; name = upnpitem.cpp; path = src/upnpitem.cpp; sourceTree = "<group>"; };
		438A7A4F150E9B300093A521 /* upnpcontrolpoint.h */ = {isa = PBXFileReference; fileEncoding = 4; lastKnownFileType = sourcecode.c.h; path = upnpcontrolpoint.h; sourceTree = "<group>"; };
		438A7A50150E9B300093A521 /* upnpdevice.h */ = {isa = PBXFileReference; fileEncoding = 4; lastKnownFileType = sourcecode.c.h; path = upnpdevice.h; sourceTree = "<group>"; };
		438A7A53150E9B300093A521 /* upnpitem.h */ = {isa = PBXFileReference; fileEncoding = 4; lastKnownFileType = sourcecode.c.h; path = upnpitem.h; sourceTree = "<group>"; };
		43A6155F1CD4AB8C00FE1F8B /* upnp.avtransport.client.h */ = {isa = PBXFileReference; fileEncoding = 4; lastKnownFileType = sourcecode.c.h; path = upnp.avtransport.client.h; sourceTree = "<group>"; };
		43A615601CD4AB8C00FE1F8B /* upnp.avtransport.types.h */ = {isa = PBXFileReference; fileEncoding = 4; lastKnownFileType = sourcecode.c.h; path = upnp.avtransport.types.h; sourceTree = "<group>"; };
		43A615611CD4AB8C00FE1F8B /* upnp.clientinterface.h */ = {isa = PBXFileReference; fileEncoding = 4; lastKnownFileType = sourcecode.c.h; path = upnp.clientinterface.h; sourceTree = "<group>"; };
		43A615621CD4AB8C00FE1F8B /* upnp.connectionmanager.client.h */ = {isa = PBXFileReference; fileEncoding = 4; lastKnownFileType = sourcecode.c.h; path = upnp.connectionmanager.client.h; sourceTree = "<group>"; };
		43A615631CD4AB8C00FE1F8B /* upnp.connectionmanager.types.h */ = {isa = PBXFileReference; fileEncoding = 4; lastKnownFileType = sourcecode.c.h; path = upnp.connectionmanager.types.h; sourceTree = "<group>"; };
		43A615641CD4AB8C00FE1F8B /* upnp.contentdirectory.client.h */ = {isa = PBXFileReference; fileEncoding = 4; lastKnownFileType = sourcecode.c.h; path = upnp.contentdirectory.client.h; sourceTree = "<group>"; };
		43A615651CD4AB8C00FE1F8B /* upnp.contentdirectory.types.h */ = {isa = PBXFileReference; fileEncoding = 4; lastKnownFileType = sourcecode.c.h; path = upnp.contentdirectory.types.h; sourceTree = "<group>"; };
		43A615661CD4AB8C00FE1F8B /* upnp.dlna.info.h */ = {isa = PBXFileReference; fileEncoding = 4; lastKnownFileType = sourcecode.c.h; path = upnp.dlna.info.h; sourceTree = "<group>"; };
		43A615671CD4AB8C00FE1F8B /* upnp.factory.h */ = {isa = PBXFileReference; fileEncoding = 4; lastKnownFileType = sourcecode.c.h; path = upnp.factory.h; sourceTree = "<group>"; };
		43A615681CD4AB8C00FE1F8B /* upnp.renderingcontrol.client.h */ = {isa = PBXFileReference; fileEncoding = 4; lastKnownFileType = sourcecode.c.h; path = upnp.renderingcontrol.client.h; sourceTree = "<group>"; };
		43A615691CD4AB8C00FE1F8B /* upnp.renderingcontrol.types.h */ = {isa = PBXFileReference; fileEncoding = 4; lastKnownFileType = sourcecode.c.h; path = upnp.renderingcontrol.types.h; sourceTree = "<group>"; };
		43A615751CD4ABA800FE1F8B /* rapidxml_print.hpp */ = {isa = PBXFileReference; fileEncoding = 4; lastKnownFileType = sourcecode.cpp.h; name = rapidxml_print.hpp; path = src/rapidxml_print.hpp; sourceTree = "<group>"; };
		43A615761CD4ABA800FE1F8B /* rapidxml.hpp */ = {isa = PBXFileReference; fileEncoding = 4; lastKnownFileType = sourcecode.cpp.h; name = rapidxml.hpp; path = src/rapidxml.hpp; sourceTree = "<group>"; };
		43A615771CD4ABA800FE1F8B /* upnp.avtransport.client.cpp */ = {isa = PBXFileReference; fileEncoding = 4; lastKnownFileType = sourcecode.cpp.cpp; name = upnp.avtransport.client.cpp; path = src/upnp.avtransport.client.cpp; sourceTree = "<group>"; };
		43A615781CD4ABA800FE1F8B /* upnp.avtransport.typeconversions.cpp */ = {isa = PBXFileReference; fileEncoding = 4; lastKnownFileType = sourcecode.cpp.cpp; name = upnp.avtransport.typeconversions.cpp; path = src/upnp.avtransport.typeconversions.cpp; sourceTree = "<group>"; };
		43A615791CD4ABA800FE1F8B /* upnp.avtransport.typeconversions.h */ = {isa = PBXFileReference; fileEncoding = 4; lastKnownFileType = sourcecode.c.h; name = upnp.avtransport.typeconversions.h; path = src/upnp.avtransport.typeconversions.h; sourceTree = "<group>"; };
		43A6157A1CD4ABA800FE1F8B /* upnp.client.h */ = {isa = PBXFileReference; fileEncoding = 4; lastKnownFileType = sourcecode.c.h; name = upnp.client.h; path = src/upnp.client.h; sourceTree = "<group>"; };
		43A6157B1CD4ABA800FE1F8B /* upnp.connectionmanager.client.cpp */ = {isa = PBXFileReference; fileEncoding = 4; lastKnownFileType = sourcecode.cpp.cpp; name = upnp.connectionmanager.client.cpp; path = src/upnp.connectionmanager.client.cpp; sourceTree = "<group>"; };
		43A6157C1CD4ABA800FE1F8B /* upnp.connectionmanager.typeconversions.cpp */ = {isa = PBXFileReference; fileEncoding = 4; lastKnownFileType = sourcecode.cpp.cpp; name = upnp.connectionmanager.typeconversions.cpp; path = src/upnp.connectionmanager.typeconversions.cpp; sourceTree = "<group>"; };
		43A6157D1CD4ABA800FE1F8B /* upnp.connectionmanager.typeconversions.h */ = {isa = PBXFileReference; fileEncoding = 4; lastKnownFileType = sourcecode.c.h; name = upnp.connectionmanager.typeconversions.h; path = src/upnp.connectionmanager.typeconversions.h; sourceTree = "<group>"; };
		43A6157E1CD4ABA800FE1F8B /* upnp.contentdirectory.client.cpp */ = {isa = PBXFileReference; fileEncoding = 4; lastKnownFileType = sourcecode.cpp.cpp; name = upnp.contentdirectory.client.cpp; path = src/upnp.contentdirectory.client.cpp; sourceTree = "<group>"; };
		43A6157F1CD4ABA800FE1F8B /* upnp.contentdirectory.typeconversions.cpp */ = {isa = PBXFileReference; fileEncoding = 4; lastKnownFileType = sourcecode.cpp.cpp; name = upnp.contentdirectory.typeconversions.cpp; path = src/upnp.contentdirectory.typeconversions.cpp; sourceTree = "<group>"; };
		43A615801CD4ABA800FE1F8B /* upnp.contentdirectory.typeconversions.h */ = {isa = PBXFileReference; fileEncoding = 4; lastKnownFileType = sourcecode.c.h; name = upnp.contentdirectory.typeconversions.h; path = src/upnp.contentdirectory.typeconversions.h; sourceTree = "<group>"; };
		43A615811CD4ABA800FE1F8B /* upnp.dlna.info.cpp */ = {isa = PBXFileReference; fileEncoding = 4; lastKnownFileType = sourcecode.cpp.cpp; name = upnp.dlna.info.cpp; path = src/upnp.dlna.info.cpp; sourceTree = "<group>"; };
		43A615821CD4ABA800FE1F8B /* upnp.enumutils.h */ = {isa = PBXFileReference; fileEncoding = 4; lastKnownFileType = sourcecode.c.h; name = upnp.enumutils.h; path = src/upnp.enumutils.h; sourceTree = "<group>"; };
		43A615831CD4ABA800FE1F8B /* upnp.factory.cpp */ = {isa = PBXFileReference; fileEncoding = 4; lastKnownFileType = sourcecode.cpp.cpp; name = upnp.factory.cpp; path = src/upnp.factory.cpp; sourceTree = "<group>"; };
		43A615841CD4ABA800FE1F8B /* upnp.renderingcontrol.client.cpp */ = {isa = PBXFileReference; fileEncoding = 4; lastKnownFileType = sourcecode.cpp.cpp; name = upnp.renderingcontrol.client.cpp; path = src/upnp.renderingcontrol.client.cpp; sourceTree = "<group>"; };
		43A615851CD4ABA800FE1F8B /* upnp.renderingcontrol.typeconversions.cpp */ = {isa = PBXFileReference; fileEncoding = 4; lastKnownFileType = sourcecode.cpp.cpp; name = upnp.renderingcontrol.typeconversions.cpp; path = src/upnp.renderingcontrol.typeconversions.cpp; sourceTree = "<group>"; };
		43A615861CD4ABA800FE1F8B /* upnp.renderingcontrol.typeconversions.h */ = {isa = PBXFileReference; fileEncoding = 4; lastKnownFileType = sourcecode.c.h; name = upnp.renderingcontrol.typeconversions.h; path = src/upnp.renderingcontrol.typeconversions.h; sourceTree = "<group>"; };
		43A615881CD4ABA800FE1F8B /* upnptypes.cpp */ = {isa = PBXFileReference; fileEncoding = 4; lastKnownFileType = sourcecode.cpp.cpp; name = upnptypes.cpp; path = src/upnptypes.cpp; sourceTree = "<group>"; };
		43A615A71CD4ABF800FE1F8B /* gmock-gtest-all.cpp */ = {isa = PBXFileReference; fileEncoding = 4; lastKnownFileType = sourcecode.cpp.cpp; name = "gmock-gtest-all.cpp"; path = "test/testframework/gmock-gtest-all.cpp"; sourceTree = "<group>"; };
		43AECDAF1CC2B0AF00C47341 /* upnp.action.h */ = {isa = PBXFileReference; fileEncoding = 4; lastKnownFileType = sourcecode.c.h; path = upnp.action.h; sourceTree = "<group>"; };
		43AECDB01CC2B0AF00C47341 /* upnp.client.h */ = {isa = PBXFileReference; fileEncoding = 4; lastKnownFileType = sourcecode.c.h; path = upnp.client.h; sourceTree = "<group>"; };
		43AECDB11CC2B0AF00C47341 /* upnp.devicescanner.h */ = {isa = PBXFileReference; fileEncoding = 4; lastKnownFileType = sourcecode.c.h; path = upnp.devicescanner.h; sourceTree = "<group>"; };
		43AECDB21CC2B0AF00C47341 /* upnp.flags.h */ = {isa = PBXFileReference; fileEncoding = 4; lastKnownFileType = sourcecode.c.h; path = upnp.flags.h; sourceTree = "<group>"; };
		43AECDB31CC2B0AF00C47341 /* upnp.http.client.h */ = {isa = PBXFileReference; fileEncoding = 4; lastKnownFileType = sourcecode.c.h; path = upnp.http.client.h; sourceTree = "<group>"; };
		43AECDB41CC2B0AF00C47341 /* upnp.http.server.h */ = {isa = PBXFileReference; fileEncoding = 4; lastKnownFileType = sourcecode.c.h; path = upnp.http.server.h; sourceTree = "<group>"; };
		43AECDB51CC2B0AF00C47341 /* upnp.ssdp.client.h */ = {isa = PBXFileReference; fileEncoding = 4; lastKnownFileType = sourcecode.c.h; path = upnp.ssdp.client.h; sourceTree = "<group>"; };
		43AECDB61CC2B0AF00C47341 /* upnp.types.h */ = {isa = PBXFileReference; fileEncoding = 4; lastKnownFileType = sourcecode.c.h; path = upnp.types.h; sourceTree = "<group>"; };
		43AECDB71CC2B0AF00C47341 /* upnp.uv.h */ = {isa = PBXFileReference; fileEncoding = 4; lastKnownFileType = sourcecode.c.h; path = upnp.uv.h; sourceTree = "<group>"; };
		43AECDB81CC2B0AF00C47341 /* upnp.xml.parseutils.h */ = {isa = PBXFileReference; fileEncoding = 4; lastKnownFileType = sourcecode.c.h; path = upnp.xml.parseutils.h; sourceTree = "<group>"; };
		43AECDB91CC2B0AF00C47341 /* upnpssdpserver.h */ = {isa = PBXFileReference; fileEncoding = 4; lastKnownFileType = sourcecode.c.h; path = upnpssdpserver.h; sourceTree = "<group>"; };
		43AECDC51CC2B0CB00C47341 /* http_parser.cpp */ = {isa = PBXFileReference; fileEncoding = 4; lastKnownFileType = sourcecode.cpp.cpp; name = http_parser.cpp; path = src/http_parser.cpp; sourceTree = "<group>"; };
		43AECDC61CC2B0CB00C47341 /* http_parser.h */ = {isa = PBXFileReference; fileEncoding = 4; lastKnownFileType = sourcecode.c.h; name = http_parser.h; path = src/http_parser.h; sourceTree = "<group>"; };
		43AECDC71CC2B0CB00C47341 /* upnp.action.cpp */ = {isa = PBXFileReference; fileEncoding = 4; lastKnownFileType = sourcecode.cpp.cpp; name = upnp.action.cpp; path = src/upnp.action.cpp; sourceTree = "<group>"; };
		43AECDC81CC2B0CB00C47341 /* upnp.client.cpp */ = {isa = PBXFileReference; fileEncoding = 4; lastKnownFileType = sourcecode.cpp.cpp; name = upnp.client.cpp; path = src/upnp.client.cpp; sourceTree = "<group>"; };
		43AECDC91CC2B0CB00C47341 /* upnp.devicescanner.cpp */ = {isa = PBXFileReference; fileEncoding = 4; lastKnownFileType = sourcecode.cpp.cpp; name = upnp.devicescanner.cpp; path = src/upnp.devicescanner.cpp; sourceTree = "<group>"; };
		43AECDCA1CC2B0CB00C47341 /* upnp.gena.server.cpp */ = {isa = PBXFileReference; fileEncoding = 4; lastKnownFileType = sourcecode.cpp.cpp; name = upnp.gena.server.cpp; path = src/upnp.gena.server.cpp; sourceTree = "<group>"; };
		43AECDCB1CC2B0CB00C47341 /* upnp.gena.server.h */ = {isa = PBXFileReference; fileEncoding = 4; lastKnownFileType = sourcecode.c.h; name = upnp.gena.server.h; path = src/upnp.gena.server.h; sourceTree = "<group>"; };
		43AECDCC1CC2B0CB00C47341 /* upnp.http.client.cpp */ = {isa = PBXFileReference; fileEncoding = 4; lastKnownFileType = sourcecode.cpp.cpp; name = upnp.http.client.cpp; path = src/upnp.http.client.cpp; sourceTree = "<group>"; };
		43AECDCD1CC2B0CB00C47341 /* upnp.http.parser.h */ = {isa = PBXFileReference; fileEncoding = 4; lastKnownFileType = sourcecode.c.h; name = upnp.http.parser.h; path = src/upnp.http.parser.h; sourceTree = "<group>"; };
		43AECDCE1CC2B0CB00C47341 /* upnp.http.server.cpp */ = {isa = PBXFileReference; fileEncoding = 4; lastKnownFileType = sourcecode.cpp.cpp; name = upnp.http.server.cpp; path = src/upnp.http.server.cpp; sourceTree = "<group>"; };
		43AECDCF1CC2B0CB00C47341 /* upnp.soap.parseutils.h */ = {isa = PBXFileReference; fileEncoding = 4; lastKnownFileType = sourcecode.c.h; name = upnp.soap.parseutils.h; path = src/upnp.soap.parseutils.h; sourceTree = "<group>"; };
		43AECDD01CC2B0CB00C47341 /* upnp.ssdp.client.cpp */ = {isa = PBXFileReference; fileEncoding = 4; lastKnownFileType = sourcecode.cpp.cpp; name = upnp.ssdp.client.cpp; path = src/upnp.ssdp.client.cpp; sourceTree = "<group>"; };
		43AECDD11CC2B0CB00C47341 /* upnp.ssdp.parseutils.h */ = {isa = PBXFileReference; fileEncoding = 4; lastKnownFileType = sourcecode.c.h; name = upnp.ssdp.parseutils.h; path = src/upnp.ssdp.parseutils.h; sourceTree = "<group>"; };
		43AECDD21CC2B0CB00C47341 /* upnp.xml.parseutils.cpp */ = {isa = PBXFileReference; fileEncoding = 4; lastKnownFileType = sourcecode.cpp.cpp; name = upnp.xml.parseutils.cpp; path = src/upnp.xml.parseutils.cpp; sourceTree = "<group>"; };
		43AECDD41CC2B0CB00C47341 /* URI.cpp */ = {isa = PBXFileReference; fileEncoding = 4; lastKnownFileType = sourcecode.cpp.cpp; name = URI.cpp; path = src/URI.cpp; sourceTree = "<group>"; };
		43AECDD51CC2B0CB00C47341 /* URI.h */ = {isa = PBXFileReference; fileEncoding = 4; lastKnownFileType = sourcecode.c.h; name = URI.h; path = src/URI.h; sourceTree = "<group>"; };
		43CD846517072E6A00C5B1AB /* upnphttpclient.h */ = {isa = PBXFileReference; fileEncoding = 4; lastKnownFileType = sourcecode.c.h; path = upnphttpclient.h; sourceTree = "<group>"; };
		43CD846617072E6A00C5B1AB /* upnphttpreader.h */ = {isa = PBXFileReference; fileEncoding = 4; lastKnownFileType = sourcecode.c.h; path = upnphttpreader.h; sourceTree = "<group>"; };
		43CD846917072E7C00C5B1AB /* upnphttpclient.cpp */ = {isa = PBXFileReference; fileEncoding = 4; lastKnownFileType = sourcecode.cpp.cpp; name = upnphttpclient.cpp; path = src/upnphttpclient.cpp; sourceTree = "<group>"; };
		43CD846A17072E7C00C5B1AB /* upnphttpreader.cpp */ = {isa = PBXFileReference; fileEncoding = 4; lastKnownFileType = sourcecode.cpp.cpp; name = upnphttpreader.cpp; path = src/upnphttpreader.cpp; sourceTree = "<group>"; };
		43CD846D1709815100C5B1AB /* webservertest.cpp */ = {isa = PBXFileReference; fileEncoding = 4; lastKnownFileType = sourcecode.cpp.cpp; name = webservertest.cpp; path = test/webservertest.cpp; sourceTree = "<group>"; };
		43F157BE155EEC5C00B6F8B0 /* upnpwebserver.h */ = {isa = PBXFileReference; lastKnownFileType = sourcecode.c.h; path = upnpwebserver.h; sourceTree = "<group>"; };
		43F157C0155EED0C00B6F8B0 /* upnpwebserver.cpp */ = {isa = PBXFileReference; fileEncoding = 4; lastKnownFileType = sourcecode.cpp.cpp; name = upnpwebserver.cpp; path = src/upnpwebserver.cpp; sourceTree = "<group>"; };
/* End PBXFileReference section */

/* Begin PBXFrameworksBuildPhase section */
		4303F1591612080E0057A64C /* Frameworks */ = {
			isa = PBXFrameworksBuildPhase;
			buildActionMask = 2147483647;
			files = (
				4303F21A161232220057A64C /* libUPnPFrameworkNative.a in Frameworks */,
			);
			runOnlyForDeploymentPostprocessing = 0;
		};
		4303F20B161216A80057A64C /* Frameworks */ = {
			isa = PBXFrameworksBuildPhase;
			buildActionMask = 2147483647;
			files = (
			);
			runOnlyForDeploymentPostprocessing = 0;
		};
		4341AB331387B66600297297 /* Frameworks */ = {
			isa = PBXFrameworksBuildPhase;
			buildActionMask = 2147483647;
			files = (
			);
			runOnlyForDeploymentPostprocessing = 0;
		};
/* End PBXFrameworksBuildPhase section */

/* Begin PBXGroup section */
		4341AB2B1387B66600297297 = {
			isa = PBXGroup;
			children = (
				43AECDC51CC2B0CB00C47341 /* http_parser.cpp */,
				43AECDC61CC2B0CB00C47341 /* http_parser.h */,
				4341AB371387B66600297297 /* Products */,
				43A615751CD4ABA800FE1F8B /* rapidxml_print.hpp */,
				43A615761CD4ABA800FE1F8B /* rapidxml.hpp */,
				434203B71633E1BB0058A49A /* test */,
				438A7A4C150E9B300093A521 /* upnp */,
				43AECDC71CC2B0CB00C47341 /* upnp.action.cpp */,
				43A615771CD4ABA800FE1F8B /* upnp.avtransport.client.cpp */,
				43A615781CD4ABA800FE1F8B /* upnp.avtransport.typeconversions.cpp */,
				43A615791CD4ABA800FE1F8B /* upnp.avtransport.typeconversions.h */,
				43AECDC81CC2B0CB00C47341 /* upnp.client.cpp */,
				43A6157A1CD4ABA800FE1F8B /* upnp.client.h */,
				43A6157B1CD4ABA800FE1F8B /* upnp.connectionmanager.client.cpp */,
				43A6157C1CD4ABA800FE1F8B /* upnp.connectionmanager.typeconversions.cpp */,
				43A6157D1CD4ABA800FE1F8B /* upnp.connectionmanager.typeconversions.h */,
				43A6157E1CD4ABA800FE1F8B /* upnp.contentdirectory.client.cpp */,
				43A6157F1CD4ABA800FE1F8B /* upnp.contentdirectory.typeconversions.cpp */,
				43A615801CD4ABA800FE1F8B /* upnp.contentdirectory.typeconversions.h */,
				43AECDC91CC2B0CB00C47341 /* upnp.devicescanner.cpp */,
				43A615811CD4ABA800FE1F8B /* upnp.dlna.info.cpp */,
				43A615821CD4ABA800FE1F8B /* upnp.enumutils.h */,
				43A615831CD4ABA800FE1F8B /* upnp.factory.cpp */,
				43AECDCA1CC2B0CB00C47341 /* upnp.gena.server.cpp */,
				43AECDCB1CC2B0CB00C47341 /* upnp.gena.server.h */,
				43AECDCC1CC2B0CB00C47341 /* upnp.http.client.cpp */,
				43AECDCD1CC2B0CB00C47341 /* upnp.http.parser.h */,
				43AECDCE1CC2B0CB00C47341 /* upnp.http.server.cpp */,
				43A615841CD4ABA800FE1F8B /* upnp.renderingcontrol.client.cpp */,
				43A615851CD4ABA800FE1F8B /* upnp.renderingcontrol.typeconversions.cpp */,
				43A615861CD4ABA800FE1F8B /* upnp.renderingcontrol.typeconversions.h */,
				43AECDCF1CC2B0CB00C47341 /* upnp.soap.parseutils.h */,
				43AECDD01CC2B0CB00C47341 /* upnp.ssdp.client.cpp */,
				43AECDD11CC2B0CB00C47341 /* upnp.ssdp.parseutils.h */,
				43AECDD21CC2B0CB00C47341 /* upnp.xml.parseutils.cpp */,
				4354A8F516FF401500F7A88F /* upnpactionresponse.cpp */,
				4354A8F716FF401500F7A88F /* upnpavtransportservice.cpp */,
				432C62B4154EEA2900068315 /* upnpclient.cpp */,
				4387742D1B4DC8F000E03CC2 /* upnpclient.h */,
				4354A8F916FF401600F7A88F /* upnpconnectionmanagerservice.cpp */,
				43245E1019E91F3C0045356D /* upnpcontentdirectoryservice.cpp */,
				438A7A42150E9B1F0093A521 /* upnpcontrolpoint.cpp */,
				43CD846917072E7C00C5B1AB /* upnphttpclient.cpp */,
				43CD846A17072E7C00C5B1AB /* upnphttpreader.cpp */,
				438A7A45150E9B1F0093A521 /* upnpitem.cpp */,
				4354A8FB16FF401600F7A88F /* upnplastchangevariable.cpp */,
				4357AF03154C7C390021F9BE /* upnpmediarenderer.cpp */,
				4357AF0B154D30ED0021F9BE /* upnpmediaserver.cpp */,
				4357AEFA154C58C00021F9BE /* upnpprotocolinfo.cpp */,
				4354A8FE16FF401700F7A88F /* upnprenderingcontrolservice.cpp */,
				4354A8FF16FF401700F7A88F /* upnprootdevice.cpp */,
				43A615881CD4ABA800FE1F8B /* upnptypes.cpp */,
				43F157C0155EED0C00B6F8B0 /* upnpwebserver.cpp */,
				434192721750AC3800418227 /* upnpxml.cpp */,
				4357AF05154C81890021F9BE /* upnpxmlutils.cpp */,
				43AECDD41CC2B0CB00C47341 /* URI.cpp */,
				43AECDD51CC2B0CB00C47341 /* URI.h */,
			);
			sourceTree = "<group>";
		};
		4341AB371387B66600297297 /* Products */ = {
			isa = PBXGroup;
			children = (
				4341AB361387B66600297297 /* libUPnPFramework.a */,
				4303F15C1612080E0057A64C /* UPnPUnitTests */,
				4303F217161216A80057A64C /* libUPnPFrameworkNative.a */,
			);
			name = Products;
			sourceTree = "<group>";
		};
		434203B71633E1BB0058A49A /* test */ = {
			isa = PBXGroup;
			children = (
				433AE1F51CD6788A00BD3819 /* upnp.actiontest.cpp */,
				433AE1F61CD6788A00BD3819 /* upnp.avtransportclienttest.cpp */,
				433AE1F71CD6788A00BD3819 /* upnp.clienttest.cpp */,
				433AE1F81CD6788A00BD3819 /* upnp.connectionmanagerclienttest.cpp */,
				433AE1F91CD6788A00BD3819 /* upnp.contentdirectoryclienttest.cpp */,
				433AE1FA1CD6788A00BD3819 /* upnp.devicescannertest.cpp */,
				433AE1FB1CD6788A00BD3819 /* upnp.gena.servertest.cpp */,
				433AE1FC1CD6788A00BD3819 /* upnp.http.clienttest.cpp */,
				433AE1FD1CD6788A00BD3819 /* upnp.http.parsertest.cpp */,
				433AE1FE1CD6788A00BD3819 /* upnp.mediarenderertest.cpp */,
				433AE1FF1CD6788A00BD3819 /* upnp.renderingcontrolclienttest.cpp */,
				433AE2001CD6788A00BD3819 /* upnp.serviceclienttestbase.h */,
				433AE2011CD6788A00BD3819 /* upnp.soap.parseutilstest.cpp */,
				433AE2021CD6788A00BD3819 /* upnp.ssdp.clienttest.cpp */,
				433AE2031CD6788A00BD3819 /* upnp.ssdp.test.cpp */,
				433AE2041CD6788A00BD3819 /* upnp.utilstest.cpp */,
				433AE2051CD6788A00BD3819 /* upnp.uvtest.cpp */,
				433AE2071CD6788A00BD3819 /* upnp.xml.parseutilstest.cpp */,
				43A615A61CD4ABE400FE1F8B /* TestFramework */,
				43CD846D1709815100C5B1AB /* webservertest.cpp */,
				4356547B1613B95700868D6B /* Mocks */,
				434203B91633E55F0058A49A /* testxmls.h */,
				434203BD1633E55F0058A49A /* upnpobjectprinter.h */,
				434203AE1633E1AC0058A49A /* devicediscover.h */,
				4303F188161208630057A64C /* main.cpp */,
				434203B11633E1AC0058A49A /* testenvironment.h */,
				4303F189161208630057A64C /* testutils.h */,
				4303F18A161208630057A64C /* xmlutilstest.cpp */,
			);
			name = test;
			sourceTree = "<group>";
		};
		4356547B1613B95700868D6B /* Mocks */ = {
			isa = PBXGroup;
			children = (
				43888C891A75A3EA00778222 /* upnpclientmock.h */,
				434203B81633E5490058A49A /* eventlistenermock.h */,
			);
			name = Mocks;
			path = UnitTests;
			sourceTree = "<group>";
		};
		438A7A4C150E9B300093A521 /* upnp */ = {
			isa = PBXGroup;
			children = (
				43AECDAF1CC2B0AF00C47341 /* upnp.action.h */,
				43A6155F1CD4AB8C00FE1F8B /* upnp.avtransport.client.h */,
				43A615601CD4AB8C00FE1F8B /* upnp.avtransport.types.h */,
				43AECDB01CC2B0AF00C47341 /* upnp.client.h */,
				43A615611CD4AB8C00FE1F8B /* upnp.clientinterface.h */,
				43A615621CD4AB8C00FE1F8B /* upnp.connectionmanager.client.h */,
				43A615631CD4AB8C00FE1F8B /* upnp.connectionmanager.types.h */,
				43A615641CD4AB8C00FE1F8B /* upnp.contentdirectory.client.h */,
				43A615651CD4AB8C00FE1F8B /* upnp.contentdirectory.types.h */,
				43AECDB11CC2B0AF00C47341 /* upnp.devicescanner.h */,
				43A615661CD4AB8C00FE1F8B /* upnp.dlna.info.h */,
				43A615671CD4AB8C00FE1F8B /* upnp.factory.h */,
				43AECDB21CC2B0AF00C47341 /* upnp.flags.h */,
				43AECDB31CC2B0AF00C47341 /* upnp.http.client.h */,
				43AECDB41CC2B0AF00C47341 /* upnp.http.server.h */,
				43A615681CD4AB8C00FE1F8B /* upnp.renderingcontrol.client.h */,
				43A615691CD4AB8C00FE1F8B /* upnp.renderingcontrol.types.h */,
				43AECDB51CC2B0AF00C47341 /* upnp.ssdp.client.h */,
				43AECDB61CC2B0AF00C47341 /* upnp.types.h */,
				43AECDB71CC2B0AF00C47341 /* upnp.uv.h */,
				43AECDB81CC2B0AF00C47341 /* upnp.xml.parseutils.h */,
				4354A8BC16FF400400F7A88F /* upnpactionresponse.h */,
				4354A8BE16FF400400F7A88F /* upnpavtransportservice.h */,
				4356541A16137C1800868D6B /* upnpclientinterface.h */,
				4354A8C116FF400500F7A88F /* upnpconnectionmanagerservice.h */,
				43245E0819E91F220045356D /* upnpcontentdirectoryservice.h */,
				438A7A4F150E9B300093A521 /* upnpcontrolpoint.h */,
				438A7A50150E9B300093A521 /* upnpdevice.h */,
				4354A8C516FF400500F7A88F /* upnpdeviceservice.h */,
				4354A8C616FF400500F7A88F /* upnpdeviceserviceexceptions.h */,
				4387742B1B4DC8DE00E03CC2 /* upnpfactory.h */,
				43245E0919E91F220045356D /* upnpfwd.h */,
				43CD846517072E6A00C5B1AB /* upnphttpclient.h */,
				43CD846617072E6A00C5B1AB /* upnphttpreader.h */,
				43245E0A19E91F220045356D /* upnphttpreaderbuilder.h */,
				438A7A53150E9B300093A521 /* upnpitem.h */,
				4354A8C716FF400600F7A88F /* upnplastchangevariable.h */,
				4357AF02154C7C1C0021F9BE /* upnpmediarenderer.h */,
				4357AF0A154D30DF0021F9BE /* upnpmediaserver.h */,
				4357AEF9154C58AF0021F9BE /* upnpprotocolinfo.h */,
				4354A8CA16FF400600F7A88F /* upnprenderingcontrolservice.h */,
				4354A8CC16FF400600F7A88F /* upnprootdevice.h */,
				4354A8CD16FF400600F7A88F /* upnprootdeviceinterface.h */,
				43245E0B19E91F220045356D /* upnpserviceclientbase.h */,
				4354A8CE16FF400700F7A88F /* upnpservicevariable.h */,
				43AECDB91CC2B0AF00C47341 /* upnpssdpserver.h */,
				438A0265160DF89B00045136 /* upnpstatevariable.h */,
				4357AF0D154D58570021F9BE /* upnptypes.h */,
				4357AEF8154C07540021F9BE /* upnputils.h */,
				43F157BE155EEC5C00B6F8B0 /* upnpwebserver.h */,
				4341926F1750AC2700418227 /* upnpxml.h */,
				4357AEFF154C78D00021F9BE /* upnpxmlutils.h */,
			);
			name = upnp;
			path = inc/upnp;
			sourceTree = "<group>";
		};
		43A615A61CD4ABE400FE1F8B /* TestFramework */ = {
			isa = PBXGroup;
			children = (
				43A615A71CD4ABF800FE1F8B /* gmock-gtest-all.cpp */,
			);
			name = TestFramework;
			sourceTree = "<group>";
		};
/* End PBXGroup section */

/* Begin PBXHeadersBuildPhase section */
		4303F20C161216A80057A64C /* Headers */ = {
			isa = PBXHeadersBuildPhase;
			buildActionMask = 2147483647;
			files = (
				4303F20E161216A80057A64C /* upnpcontrolpoint.h in Headers */,
				4303F20F161216A80057A64C /* upnpdevice.h in Headers */,
				4303F212161216A80057A64C /* upnpitem.h in Headers */,
				4354A8D016FF400700F7A88F /* upnpactionresponse.h in Headers */,
				4354A8D416FF400700F7A88F /* upnpavtransportservice.h in Headers */,
				4354A8DA16FF400700F7A88F /* upnpconnectionmanagerservice.h in Headers */,
				4354A8E216FF400700F7A88F /* upnpdeviceservice.h in Headers */,
				4354A8E416FF400700F7A88F /* upnpdeviceserviceexceptions.h in Headers */,
				4354A8E616FF400700F7A88F /* upnplastchangevariable.h in Headers */,
				438774301B4DC8F000E03CC2 /* upnpclient.h in Headers */,
				4354A8EC16FF400700F7A88F /* upnprenderingcontrolservice.h in Headers */,
				4354A8F016FF400700F7A88F /* upnprootdevice.h in Headers */,
				4354A8F216FF400700F7A88F /* upnprootdeviceinterface.h in Headers */,
				4354A8F416FF400700F7A88F /* upnpservicevariable.h in Headers */,
				434192711750AC2700418227 /* upnpxml.h in Headers */,
			);
			runOnlyForDeploymentPostprocessing = 0;
		};
		4341AB341387B66600297297 /* Headers */ = {
			isa = PBXHeadersBuildPhase;
			buildActionMask = 2147483647;
			files = (
				438A7A56150E9B300093A521 /* upnpcontrolpoint.h in Headers */,
				43AECDC41CC2B0AF00C47341 /* upnpssdpserver.h in Headers */,
				43A6158D1CD4ABA800FE1F8B /* upnp.avtransport.typeconversions.h in Headers */,
				43A6156B1CD4AB8C00FE1F8B /* upnp.avtransport.types.h in Headers */,
				43A6156C1CD4AB8C00FE1F8B /* upnp.clientinterface.h in Headers */,
				438A7A57150E9B300093A521 /* upnpdevice.h in Headers */,
				43AECDC01CC2B0AF00C47341 /* upnp.ssdp.client.h in Headers */,
				43A615941CD4ABA800FE1F8B /* upnp.contentdirectory.typeconversions.h in Headers */,
				43AECDC31CC2B0AF00C47341 /* upnp.xml.parseutils.h in Headers */,
				43AECDBE1CC2B0AF00C47341 /* upnp.http.client.h in Headers */,
				43A6156F1CD4AB8C00FE1F8B /* upnp.contentdirectory.client.h in Headers */,
				43888C8A1A75A3EA00778222 /* upnpclientmock.h in Headers */,
				438A7A5A150E9B300093A521 /* upnpitem.h in Headers */,
				43AECDE61CC2B0CB00C47341 /* URI.h in Headers */,
				43AECDBB1CC2B0AF00C47341 /* upnp.client.h in Headers */,
				43AECDC11CC2B0AF00C47341 /* upnp.types.h in Headers */,
				4354A8CF16FF400700F7A88F /* upnpactionresponse.h in Headers */,
				43A6158A1CD4ABA800FE1F8B /* rapidxml.hpp in Headers */,
				43AECDDC1CC2B0CB00C47341 /* upnp.gena.server.h in Headers */,
				43A615711CD4AB8C00FE1F8B /* upnp.dlna.info.h in Headers */,
				43245E0E19E91F220045356D /* upnphttpreaderbuilder.h in Headers */,
				4354A8D316FF400700F7A88F /* upnpavtransportservice.h in Headers */,
				43AECDD71CC2B0CB00C47341 /* http_parser.h in Headers */,
				43A6158E1CD4ABA800FE1F8B /* upnp.client.h in Headers */,
				43AECDE21CC2B0CB00C47341 /* upnp.ssdp.parseutils.h in Headers */,
				43AECDC21CC2B0AF00C47341 /* upnp.uv.h in Headers */,
				43A615701CD4AB8C00FE1F8B /* upnp.contentdirectory.types.h in Headers */,
				43A615741CD4AB8C00FE1F8B /* upnp.renderingcontrol.types.h in Headers */,
				43A615721CD4AB8C00FE1F8B /* upnp.factory.h in Headers */,
				4354A8D916FF400700F7A88F /* upnpconnectionmanagerservice.h in Headers */,
				43AECDBF1CC2B0AF00C47341 /* upnp.http.server.h in Headers */,
				43A615961CD4ABA800FE1F8B /* upnp.enumutils.h in Headers */,
				43A6156D1CD4AB8C00FE1F8B /* upnp.connectionmanager.client.h in Headers */,
				4354A8E116FF400700F7A88F /* upnpdeviceservice.h in Headers */,
				43A6156E1CD4AB8C00FE1F8B /* upnp.connectionmanager.types.h in Headers */,
				4354A8E316FF400700F7A88F /* upnpdeviceserviceexceptions.h in Headers */,
				4354A8E516FF400700F7A88F /* upnplastchangevariable.h in Headers */,
				43AECDBA1CC2B0AF00C47341 /* upnp.action.h in Headers */,
				43AECDDE1CC2B0CB00C47341 /* upnp.http.parser.h in Headers */,
				43A6156A1CD4AB8C00FE1F8B /* upnp.avtransport.client.h in Headers */,
				4354A8EB16FF400700F7A88F /* upnprenderingcontrolservice.h in Headers */,
				4354A8EF16FF400700F7A88F /* upnprootdevice.h in Headers */,
				4354A8F116FF400700F7A88F /* upnprootdeviceinterface.h in Headers */,
				4354A8F316FF400700F7A88F /* upnpservicevariable.h in Headers */,
				4387742F1B4DC8F000E03CC2 /* upnpclient.h in Headers */,
				43A615911CD4ABA800FE1F8B /* upnp.connectionmanager.typeconversions.h in Headers */,
				43245E0D19E91F220045356D /* upnpfwd.h in Headers */,
				43CD846717072E6A00C5B1AB /* upnphttpclient.h in Headers */,
				43AECDBC1CC2B0AF00C47341 /* upnp.devicescanner.h in Headers */,
				43245E0F19E91F220045356D /* upnpserviceclientbase.h in Headers */,
				43CD846817072E6A00C5B1AB /* upnphttpreader.h in Headers */,
				43A6159A1CD4ABA800FE1F8B /* upnp.renderingcontrol.typeconversions.h in Headers */,
				43AECDBD1CC2B0AF00C47341 /* upnp.flags.h in Headers */,
				434192701750AC2700418227 /* upnpxml.h in Headers */,
				4387742C1B4DC8DE00E03CC2 /* upnpfactory.h in Headers */,
				43A615731CD4AB8C00FE1F8B /* upnp.renderingcontrol.client.h in Headers */,
				43A615891CD4ABA800FE1F8B /* rapidxml_print.hpp in Headers */,
				43AECDE01CC2B0CB00C47341 /* upnp.soap.parseutils.h in Headers */,
				43245E0C19E91F220045356D /* upnpcontentdirectoryservice.h in Headers */,
			);
			runOnlyForDeploymentPostprocessing = 0;
		};
/* End PBXHeadersBuildPhase section */

/* Begin PBXNativeTarget section */
		4303F15B1612080E0057A64C /* UPnPUnitTests */ = {
			isa = PBXNativeTarget;
			buildConfigurationList = 4303F1631612080E0057A64C /* Build configuration list for PBXNativeTarget "UPnPUnitTests" */;
			buildPhases = (
				4303F1581612080E0057A64C /* Sources */,
				4303F1591612080E0057A64C /* Frameworks */,
				4303F15A1612080E0057A64C /* CopyFiles */,
			);
			buildRules = (
			);
			dependencies = (
				4303F219161216C30057A64C /* PBXTargetDependency */,
			);
			name = UPnPUnitTests;
			productName = UnitTests;
			productReference = 4303F15C1612080E0057A64C /* UPnPUnitTests */;
			productType = "com.apple.product-type.tool";
		};
		4303F1F7161216A80057A64C /* UPnPFrameworkNative */ = {
			isa = PBXNativeTarget;
			buildConfigurationList = 4303F214161216A80057A64C /* Build configuration list for PBXNativeTarget "UPnPFrameworkNative" */;
			buildPhases = (
				4303F1FA161216A80057A64C /* Sources */,
				4303F20B161216A80057A64C /* Frameworks */,
				4303F20C161216A80057A64C /* Headers */,
				4303F213161216A80057A64C /* CopyFiles */,
			);
			buildRules = (
			);
			dependencies = (
			);
			name = UPnPFrameworkNative;
			productName = UPnPFramework;
			productReference = 4303F217161216A80057A64C /* libUPnPFrameworkNative.a */;
			productType = "com.apple.product-type.library.static";
		};
		4341AB351387B66600297297 /* UPnPFramework */ = {
			isa = PBXNativeTarget;
			buildConfigurationList = 4341AB591387B66600297297 /* Build configuration list for PBXNativeTarget "UPnPFramework" */;
			buildPhases = (
				4341AB321387B66600297297 /* Sources */,
				4341AB331387B66600297297 /* Frameworks */,
				4341AB341387B66600297297 /* Headers */,
				43B0FD01138D9445002DD709 /* CopyFiles */,
			);
			buildRules = (
			);
			dependencies = (
			);
			name = UPnPFramework;
			productName = UPnPFramework;
			productReference = 4341AB361387B66600297297 /* libUPnPFramework.a */;
			productType = "com.apple.product-type.library.static";
		};
/* End PBXNativeTarget section */

/* Begin PBXProject section */
		4341AB2D1387B66600297297 /* Project object */ = {
			isa = PBXProject;
			attributes = {
				LastUpgradeCheck = 0710;
				ORGANIZATIONNAME = None;
			};
			buildConfigurationList = 4341AB301387B66600297297 /* Build configuration list for PBXProject "UPnPFramework" */;
			compatibilityVersion = "Xcode 3.2";
			developmentRegion = English;
			hasScannedForEncodings = 0;
			knownRegions = (
				en,
			);
			mainGroup = 4341AB2B1387B66600297297;
			productRefGroup = 4341AB371387B66600297297 /* Products */;
			projectDirPath = "";
			projectRoot = "";
			targets = (
				4341AB351387B66600297297 /* UPnPFramework */,
				4303F15B1612080E0057A64C /* UPnPUnitTests */,
				4303F1F7161216A80057A64C /* UPnPFrameworkNative */,
			);
		};
/* End PBXProject section */

/* Begin PBXSourcesBuildPhase section */
		4303F1581612080E0057A64C /* Sources */ = {
			isa = PBXSourcesBuildPhase;
			buildActionMask = 2147483647;
			files = (
				4303F18B161208630057A64C /* main.cpp in Sources */,
				4303F18C161208630057A64C /* xmlutilstest.cpp in Sources */,
				433AE2151CD6788A00BD3819 /* upnp.ssdp.test.cpp in Sources */,
				433AE2171CD6788A00BD3819 /* upnp.uvtest.cpp in Sources */,
				433AE20C1CD6788A00BD3819 /* upnp.contentdirectoryclienttest.cpp in Sources */,
				433AE2101CD6788A00BD3819 /* upnp.http.parsertest.cpp in Sources */,
				4354A90116FF401700F7A88F /* upnpactionresponse.cpp in Sources */,
				433AE20E1CD6788A00BD3819 /* upnp.gena.servertest.cpp in Sources */,
				4354A90716FF401700F7A88F /* upnpavtransportservice.cpp in Sources */,
				433AE2141CD6788A00BD3819 /* upnp.ssdp.clienttest.cpp in Sources */,
				4354A90D16FF401700F7A88F /* upnpconnectionmanagerservice.cpp in Sources */,
				433AE2081CD6788A00BD3819 /* upnp.actiontest.cpp in Sources */,
				433AE2091CD6788A00BD3819 /* upnp.avtransportclienttest.cpp in Sources */,
				4354A91316FF401700F7A88F /* upnplastchangevariable.cpp in Sources */,
				433AE2161CD6788A00BD3819 /* upnp.utilstest.cpp in Sources */,
				433AE2131CD6788A00BD3819 /* upnp.soap.parseutilstest.cpp in Sources */,
				433AE20D1CD6788A00BD3819 /* upnp.devicescannertest.cpp in Sources */,
				433AE2191CD6788A00BD3819 /* upnp.xml.parseutilstest.cpp in Sources */,
				433AE2111CD6788A00BD3819 /* upnp.mediarenderertest.cpp in Sources */,
				4354A91C16FF401700F7A88F /* upnprenderingcontrolservice.cpp in Sources */,
				4354A91F16FF401700F7A88F /* upnprootdevice.cpp in Sources */,
				433AE20F1CD6788A00BD3819 /* upnp.http.clienttest.cpp in Sources */,
				433AE20B1CD6788A00BD3819 /* upnp.connectionmanagerclienttest.cpp in Sources */,
				433AE2121CD6788A00BD3819 /* upnp.renderingcontrolclienttest.cpp in Sources */,
				433AE20A1CD6788A00BD3819 /* upnp.clienttest.cpp in Sources */,
				43CD846E1709815100C5B1AB /* webservertest.cpp in Sources */,
			);
			runOnlyForDeploymentPostprocessing = 0;
		};
		4303F1FA161216A80057A64C /* Sources */ = {
			isa = PBXSourcesBuildPhase;
			buildActionMask = 2147483647;
			files = (
				43CD8474170989E100C5B1AB /* upnphttpclient.cpp in Sources */,
				43CD8475170989E100C5B1AB /* upnphttpreader.cpp in Sources */,
				4303F1FC161216A80057A64C /* upnpcontrolpoint.cpp in Sources */,
				4303F1FF161216A80057A64C /* upnpitem.cpp in Sources */,
				4303F202161216A80057A64C /* upnpprotocolinfo.cpp in Sources */,
				4303F204161216A80057A64C /* upnpmediarenderer.cpp in Sources */,
				4303F205161216A80057A64C /* upnpxmlutils.cpp in Sources */,
				4303F207161216A80057A64C /* upnpmediaserver.cpp in Sources */,
				4303F208161216A80057A64C /* upnpclient.cpp in Sources */,
				4303F20A161216A80057A64C /* upnpwebserver.cpp in Sources */,
				4354A90216FF401700F7A88F /* upnpactionresponse.cpp in Sources */,
				4354A90816FF401700F7A88F /* upnpavtransportservice.cpp in Sources */,
				4354A90E16FF401700F7A88F /* upnpconnectionmanagerservice.cpp in Sources */,
				4354A91416FF401700F7A88F /* upnplastchangevariable.cpp in Sources */,
				4354A91D16FF401700F7A88F /* upnprenderingcontrolservice.cpp in Sources */,
				4354A92016FF401700F7A88F /* upnprootdevice.cpp in Sources */,
				434192741750AC3800418227 /* upnpxml.cpp in Sources */,
			);
			runOnlyForDeploymentPostprocessing = 0;
		};
		4341AB321387B66600297297 /* Sources */ = {
			isa = PBXSourcesBuildPhase;
			buildActionMask = 2147483647;
			files = (
				43AECDE51CC2B0CB00C47341 /* URI.cpp in Sources */,
				43AECDD91CC2B0CB00C47341 /* upnp.client.cpp in Sources */,
				438A7A48150E9B1F0093A521 /* upnpcontrolpoint.cpp in Sources */,
				43AECDD81CC2B0CB00C47341 /* upnp.action.cpp in Sources */,
				438A7A4B150E9B1F0093A521 /* upnpitem.cpp in Sources */,
				43A615901CD4ABA800FE1F8B /* upnp.connectionmanager.typeconversions.cpp in Sources */,
				43AECDE31CC2B0CB00C47341 /* upnp.xml.parseutils.cpp in Sources */,
				4357AEFB154C58C00021F9BE /* upnpprotocolinfo.cpp in Sources */,
				43AECDDD1CC2B0CB00C47341 /* upnp.http.client.cpp in Sources */,
				43A615951CD4ABA800FE1F8B /* upnp.dlna.info.cpp in Sources */,
				43A6158C1CD4ABA800FE1F8B /* upnp.avtransport.typeconversions.cpp in Sources */,
				4357AF04154C7C390021F9BE /* upnpmediarenderer.cpp in Sources */,
				43A615971CD4ABA800FE1F8B /* upnp.factory.cpp in Sources */,
				4357AF06154C81890021F9BE /* upnpxmlutils.cpp in Sources */,
				43AECDDA1CC2B0CB00C47341 /* upnp.devicescanner.cpp in Sources */,
				43A615991CD4ABA800FE1F8B /* upnp.renderingcontrol.typeconversions.cpp in Sources */,
				43245E1119E91F3C0045356D /* upnpcontentdirectoryservice.cpp in Sources */,
				4357AF0C154D30ED0021F9BE /* upnpmediaserver.cpp in Sources */,
				43A6158F1CD4ABA800FE1F8B /* upnp.connectionmanager.client.cpp in Sources */,
				43A6158B1CD4ABA800FE1F8B /* upnp.avtransport.client.cpp in Sources */,
				432C62B5154EEA2A00068315 /* upnpclient.cpp in Sources */,
				43F157C1155EED0C00B6F8B0 /* upnpwebserver.cpp in Sources */,
				4354A90016FF401700F7A88F /* upnpactionresponse.cpp in Sources */,
				4354A90616FF401700F7A88F /* upnpavtransportservice.cpp in Sources */,
				43A615931CD4ABA800FE1F8B /* upnp.contentdirectory.typeconversions.cpp in Sources */,
				43AECDDB1CC2B0CB00C47341 /* upnp.gena.server.cpp in Sources */,
				4354A90C16FF401700F7A88F /* upnpconnectionmanagerservice.cpp in Sources */,
				43A615981CD4ABA800FE1F8B /* upnp.renderingcontrol.client.cpp in Sources */,
				4354A91216FF401700F7A88F /* upnplastchangevariable.cpp in Sources */,
				43A6159C1CD4ABA800FE1F8B /* upnptypes.cpp in Sources */,
				4354A91B16FF401700F7A88F /* upnprenderingcontrolservice.cpp in Sources */,
				4354A91E16FF401700F7A88F /* upnprootdevice.cpp in Sources */,
				43AECDE11CC2B0CB00C47341 /* upnp.ssdp.client.cpp in Sources */,
				43A615921CD4ABA800FE1F8B /* upnp.contentdirectory.client.cpp in Sources */,
				43AECDDF1CC2B0CB00C47341 /* upnp.http.server.cpp in Sources */,
				43AECDD61CC2B0CB00C47341 /* http_parser.cpp in Sources */,
				43CD846B17072E7C00C5B1AB /* upnphttpclient.cpp in Sources */,
				43CD846C17072E7C00C5B1AB /* upnphttpreader.cpp in Sources */,
				434192731750AC3800418227 /* upnpxml.cpp in Sources */,
			);
			runOnlyForDeploymentPostprocessing = 0;
		};
/* End PBXSourcesBuildPhase section */

/* Begin PBXTargetDependency section */
		4303F219161216C30057A64C /* PBXTargetDependency */ = {
			isa = PBXTargetDependency;
			target = 4303F1F7161216A80057A64C /* UPnPFrameworkNative */;
			targetProxy = 4303F218161216C30057A64C /* PBXContainerItemProxy */;
		};
/* End PBXTargetDependency section */

/* Begin XCBuildConfiguration section */
		4303F1641612080E0057A64C /* Debug */ = {
			isa = XCBuildConfiguration;
			buildSettings = {
				CLANG_CXX_LANGUAGE_STANDARD = "c++14";
				CLANG_CXX_LIBRARY = "libc++";
				CLANG_WARN_EMPTY_BODY = YES;
				CLANG_WARN__DUPLICATE_METHOD_MATCH = YES;
				COPY_PHASE_STRIP = NO;
				FRAMEWORK_SEARCH_PATHS = "$(inherited)";
				GCC_DYNAMIC_NO_PIC = NO;
				GCC_ENABLE_OBJC_EXCEPTIONS = YES;
				GCC_PREPROCESSOR_DEFINITIONS = (
					"DEBUG=1",
					"$(inherited)",
				);
				GCC_WARN_64_TO_32_BIT_CONVERSION = YES;
				GCC_WARN_SHADOW = YES;
				GCC_WARN_UNINITIALIZED_AUTOS = YES;
				HEADER_SEARCH_PATHS = (
					/opt/ioslibs/include/upnp,
					/opt/ioslibs/include,
					"$(SRCROOT)/test/testframework",
				);
				LIBRARY_SEARCH_PATHS = /opt/ioslibs/lib;
				MACOSX_DEPLOYMENT_TARGET = 10.8;
				ONLY_ACTIVE_ARCH = YES;
				OTHER_CPLUSPLUSFLAGS = "$(OTHER_CFLAGS)";
				OTHER_LDFLAGS = (
					"-lixml",
					"-lthreadutil",
					"-lupnp",
				);
				PRODUCT_NAME = "$(TARGET_NAME)";
				SDKROOT = macosx;
				USER_HEADER_SEARCH_PATHS = "$(SRCROOT)/inc $(SRCROOT)/../utils/inc $(SRCROOT)/test";
				VALID_ARCHS = x86_64;
			};
			name = Debug;
		};
		4303F1651612080E0057A64C /* Release */ = {
			isa = XCBuildConfiguration;
			buildSettings = {
				CLANG_CXX_LANGUAGE_STANDARD = "c++14";
				CLANG_CXX_LIBRARY = "libc++";
				CLANG_WARN_EMPTY_BODY = YES;
				CLANG_WARN__DUPLICATE_METHOD_MATCH = YES;
				COPY_PHASE_STRIP = YES;
				DEBUG_INFORMATION_FORMAT = "dwarf-with-dsym";
				FRAMEWORK_SEARCH_PATHS = "$(inherited)";
				GCC_ENABLE_OBJC_EXCEPTIONS = YES;
				GCC_PREPROCESSOR_DEFINITIONS = "";
				GCC_WARN_64_TO_32_BIT_CONVERSION = YES;
				GCC_WARN_SHADOW = YES;
				GCC_WARN_UNINITIALIZED_AUTOS = YES;
				HEADER_SEARCH_PATHS = (
					/opt/ioslibs/include/upnp,
					/opt/ioslibs/include,
					"$(SRCROOT)/test/testframework",
				);
				LIBRARY_SEARCH_PATHS = /opt/ioslibs/lib;
				MACOSX_DEPLOYMENT_TARGET = 10.8;
				OTHER_CPLUSPLUSFLAGS = "$(OTHER_CFLAGS)";
				OTHER_LDFLAGS = (
					"-lixml",
					"-lthreadutil",
					"-lupnp",
				);
				PRODUCT_NAME = "$(TARGET_NAME)";
				SDKROOT = macosx;
				USER_HEADER_SEARCH_PATHS = "$(SRCROOT)/inc $(SRCROOT)/../utils/inc $(SRCROOT)/test";
				VALID_ARCHS = x86_64;
			};
			name = Release;
		};
		4303F215161216A80057A64C /* Debug */ = {
			isa = XCBuildConfiguration;
			buildSettings = {
				ALWAYS_SEARCH_USER_PATHS = NO;
				CLANG_CXX_LANGUAGE_STANDARD = "c++14";
				CLANG_CXX_LIBRARY = "libc++";
				COMBINE_HIDPI_IMAGES = YES;
				DSTROOT = /tmp/UPnPFramework.dst;
				GCC_INLINES_ARE_PRIVATE_EXTERN = YES;
				GCC_PRECOMPILE_PREFIX_HEADER = NO;
				GCC_PREFIX_HEADER = "";
				GCC_VERSION = com.apple.compilers.llvm.clang.1_0;
				GCC_WARN_SHADOW = YES;
				HEADER_SEARCH_PATHS = (
					/opt/ioslibs/include/upnp,
					/opt/ioslibs/include,
				);
				LIBRARY_SEARCH_PATHS = (
					"$(inherited)",
					"\"$(SRCROOT)\"",
				);
				OTHER_CPLUSPLUSFLAGS = "$(OTHER_CFLAGS)";
				OTHER_LDFLAGS = "-ObjC";
				PRODUCT_NAME = "$(TARGET_NAME)";
				SDKROOT = macosx;
				TEST_AFTER_BUILD = NO;
				USER_HEADER_SEARCH_PATHS = "$(SRCROOT)/../utils/inc $(SRCROOT)/inc";
				VALID_ARCHS = x86_64;
			};
			name = Debug;
		};
		4303F216161216A80057A64C /* Release */ = {
			isa = XCBuildConfiguration;
			buildSettings = {
				ALWAYS_SEARCH_USER_PATHS = NO;
				CLANG_CXX_LANGUAGE_STANDARD = "c++14";
				CLANG_CXX_LIBRARY = "libc++";
				COMBINE_HIDPI_IMAGES = YES;
				DSTROOT = /tmp/UPnPFramework.dst;
				GCC_INLINES_ARE_PRIVATE_EXTERN = YES;
				GCC_PRECOMPILE_PREFIX_HEADER = NO;
				GCC_PREFIX_HEADER = "";
				GCC_SYMBOLS_PRIVATE_EXTERN = YES;
				GCC_VERSION = com.apple.compilers.llvm.clang.1_0;
				GCC_WARN_SHADOW = YES;
				HEADER_SEARCH_PATHS = (
					/opt/ioslibs/include/upnp,
					/opt/ioslibs/include,
				);
				LIBRARY_SEARCH_PATHS = (
					"$(inherited)",
					"\"$(SRCROOT)\"",
				);
				OTHER_CPLUSPLUSFLAGS = "$(OTHER_CFLAGS)";
				OTHER_LDFLAGS = "-ObjC";
				PRODUCT_NAME = "$(TARGET_NAME)";
				SDKROOT = macosx;
				TEST_AFTER_BUILD = NO;
				USER_HEADER_SEARCH_PATHS = "$(SRCROOT)/../utils/inc $(SRCROOT)/inc";
				VALID_ARCHS = x86_64;
			};
			name = Release;
		};
		4341AB571387B66600297297 /* Debug */ = {
			isa = XCBuildConfiguration;
			buildSettings = {
				ALWAYS_SEARCH_USER_PATHS = NO;
				CLANG_CXX_LANGUAGE_STANDARD = "c++14";
				CLANG_CXX_LIBRARY = "libc++";
				ENABLE_TESTABILITY = YES;
				GCC_C_LANGUAGE_STANDARD = gnu99;
				GCC_OPTIMIZATION_LEVEL = 0;
				GCC_PREPROCESSOR_DEFINITIONS = DEBUG;
				GCC_SYMBOLS_PRIVATE_EXTERN = NO;
				GCC_VERSION = "";
				GCC_WARN_ABOUT_RETURN_TYPE = YES;
				GCC_WARN_UNUSED_VARIABLE = YES;
				HEADER_SEARCH_PATHS = /opt/ioslibs/include/upnp;
				LIBRARY_SEARCH_PATHS = "";
				ONLY_ACTIVE_ARCH = YES;
				SDKROOT = iphoneos;
				USER_HEADER_SEARCH_PATHS = "$(SRCROOT)";
				VERSIONING_SYSTEM = "";
			};
			name = Debug;
		};
		4341AB581387B66600297297 /* Release */ = {
			isa = XCBuildConfiguration;
			buildSettings = {
				ALWAYS_SEARCH_USER_PATHS = NO;
				CLANG_CXX_LANGUAGE_STANDARD = "c++14";
				CLANG_CXX_LIBRARY = "libc++";
				GCC_C_LANGUAGE_STANDARD = gnu99;
				GCC_VERSION = "";
				GCC_WARN_ABOUT_RETURN_TYPE = YES;
				GCC_WARN_UNUSED_VARIABLE = YES;
				HEADER_SEARCH_PATHS = /opt/ioslibs/include/upnp;
				LIBRARY_SEARCH_PATHS = "";
				SDKROOT = iphoneos;
				USER_HEADER_SEARCH_PATHS = "$(SRCROOT)";
				VERSIONING_SYSTEM = "";
			};
			name = Release;
		};
		4341AB5A1387B66600297297 /* Debug */ = {
			isa = XCBuildConfiguration;
			buildSettings = {
				ALWAYS_SEARCH_USER_PATHS = NO;
				CLANG_CXX_LANGUAGE_STANDARD = "c++14";
				CLANG_CXX_LIBRARY = "libc++";
				DSTROOT = /tmp/UPnPFramework.dst;
				GCC_INLINES_ARE_PRIVATE_EXTERN = YES;
				GCC_PRECOMPILE_PREFIX_HEADER = NO;
				GCC_PREFIX_HEADER = "";
				GCC_VERSION = com.apple.compilers.llvm.clang.1_0;
				GCC_WARN_SHADOW = YES;
				HEADER_SEARCH_PATHS = (
					/opt/ioslibs/include/upnp,
					/opt/ioslibs/include,
					"$(SRCROOT)/src/gsl",
				);
				LIBRARY_SEARCH_PATHS = (
					"$(inherited)",
					"\"$(SRCROOT)\"",
				);
				OTHER_CPLUSPLUSFLAGS = "$(OTHER_CFLAGS)";
				OTHER_LDFLAGS = "-ObjC";
				PRODUCT_NAME = "$(TARGET_NAME)";
				TEST_AFTER_BUILD = NO;
				USER_HEADER_SEARCH_PATHS = "$(SRCROOT)/../utils/inc $(SRCROOT)/inc $(SRCROOT)/../utils/xcode";
				VALID_ARCHS = "arm64 armv7 armv7s";
			};
			name = Debug;
		};
		4341AB5B1387B66600297297 /* Release */ = {
			isa = XCBuildConfiguration;
			buildSettings = {
				ALWAYS_SEARCH_USER_PATHS = NO;
				CLANG_CXX_LANGUAGE_STANDARD = "c++14";
				CLANG_CXX_LIBRARY = "libc++";
				DSTROOT = /tmp/UPnPFramework.dst;
				GCC_INLINES_ARE_PRIVATE_EXTERN = YES;
				GCC_PRECOMPILE_PREFIX_HEADER = NO;
				GCC_PREFIX_HEADER = "";
				GCC_SYMBOLS_PRIVATE_EXTERN = YES;
				GCC_VERSION = com.apple.compilers.llvm.clang.1_0;
				GCC_WARN_SHADOW = YES;
				HEADER_SEARCH_PATHS = (
					/opt/ioslibs/include/upnp,
					/opt/ioslibs/include,
					"$(SRCROOT)/src/gsl",
				);
				LIBRARY_SEARCH_PATHS = (
					"$(inherited)",
					"\"$(SRCROOT)\"",
				);
				OTHER_CPLUSPLUSFLAGS = "$(OTHER_CFLAGS)";
				OTHER_LDFLAGS = "-ObjC";
				PRODUCT_NAME = "$(TARGET_NAME)";
				TEST_AFTER_BUILD = NO;
				USER_HEADER_SEARCH_PATHS = "$(SRCROOT)/../utils/inc $(SRCROOT)/inc $(SRCROOT)/../utils/xcode";
				VALID_ARCHS = "arm64 armv7 armv7s";
			};
			name = Release;
		};
/* End XCBuildConfiguration section */

/* Begin XCConfigurationList section */
		4303F1631612080E0057A64C /* Build configuration list for PBXNativeTarget "UPnPUnitTests" */ = {
			isa = XCConfigurationList;
			buildConfigurations = (
				4303F1641612080E0057A64C /* Debug */,
				4303F1651612080E0057A64C /* Release */,
			);
			defaultConfigurationIsVisible = 0;
			defaultConfigurationName = Release;
		};
		4303F214161216A80057A64C /* Build configuration list for PBXNativeTarget "UPnPFrameworkNative" */ = {
			isa = XCConfigurationList;
			buildConfigurations = (
				4303F215161216A80057A64C /* Debug */,
				4303F216161216A80057A64C /* Release */,
			);
			defaultConfigurationIsVisible = 0;
			defaultConfigurationName = Release;
		};
		4341AB301387B66600297297 /* Build configuration list for PBXProject "UPnPFramework" */ = {
			isa = XCConfigurationList;
			buildConfigurations = (
				4341AB571387B66600297297 /* Debug */,
				4341AB581387B66600297297 /* Release */,
			);
			defaultConfigurationIsVisible = 0;
			defaultConfigurationName = Release;
		};
		4341AB591387B66600297297 /* Build configuration list for PBXNativeTarget "UPnPFramework" */ = {
			isa = XCConfigurationList;
			buildConfigurations = (
				4341AB5A1387B66600297297 /* Debug */,
				4341AB5B1387B66600297297 /* Release */,
			);
			defaultConfigurationIsVisible = 0;
			defaultConfigurationName = Release;
		};
/* End XCConfigurationList section */
	};
	rootObject = 4341AB2D1387B66600297297 /* Project object */;
}
